// !$*UTF8*$!
{
	archiveVersion = 1;
	classes = {
	};
	objectVersion = 51;
	objects = {

/* Begin PBXBuildFile section */
		22F95E0D63D5DE61D398016C /* Pods_ShoppingList.framework in Frameworks */ = {isa = PBXBuildFile; fileRef = ACF885986906ECAFCDD908F0 /* Pods_ShoppingList.framework */; };
		7B00C5A12643511F0000ABC2 /* RemoveItemFromCartUseCaseTest.swift in Sources */ = {isa = PBXBuildFile; fileRef = 7B00C5A02643511F0000ABC2 /* RemoveItemFromCartUseCaseTest.swift */; };
		7B00C5AA26435AE90000ABC2 /* ListTests.swift in Sources */ = {isa = PBXBuildFile; fileRef = 7B00C5A926435AE90000ABC2 /* ListTests.swift */; };
		7B507D67263313DB000EE3B2 /* CreateListUseCaseTest.swift in Sources */ = {isa = PBXBuildFile; fileRef = 7B507D66263313DB000EE3B2 /* CreateListUseCaseTest.swift */; };
		7B77DD36265C2628000A4A76 /* MockItemRepository.swift in Sources */ = {isa = PBXBuildFile; fileRef = 7B77DD35265C2628000A4A76 /* MockItemRepository.swift */; };
		7B77DD3B265C29D9000A4A76 /* MockItemOnListRepository.swift in Sources */ = {isa = PBXBuildFile; fileRef = 7B77DD3A265C29D9000A4A76 /* MockItemOnListRepository.swift */; };
		7B794AEF2632286A009BA004 /* CreateListUseCase.swift in Sources */ = {isa = PBXBuildFile; fileRef = 7B794AEE2632286A009BA004 /* CreateListUseCase.swift */; };
		7B8209892631061F00003819 /* AddItemOnCartUseCase.swift in Sources */ = {isa = PBXBuildFile; fileRef = 7B8209882631061F00003819 /* AddItemOnCartUseCase.swift */; };
		7B82098E26310A7300003819 /* RemoveItemFromCartUseCase.swift in Sources */ = {isa = PBXBuildFile; fileRef = 7B82098D26310A7300003819 /* RemoveItemFromCartUseCase.swift */; };
		7B915BDB2658074E0016BEAB /* AddItemOnListUseCaseTest.swift in Sources */ = {isa = PBXBuildFile; fileRef = 7B915BDA2658074E0016BEAB /* AddItemOnListUseCaseTest.swift */; };
		7B915BEE265835600016BEAB /* DeleteListUseCase.swift in Sources */ = {isa = PBXBuildFile; fileRef = 7B915BED265835600016BEAB /* DeleteListUseCase.swift */; };
		7B915BFB265837F60016BEAB /* DeleteListUseCaseTest.swift in Sources */ = {isa = PBXBuildFile; fileRef = 7B915BFA265837F60016BEAB /* DeleteListUseCaseTest.swift */; };
		7B915C0826583EFB0016BEAB /* EditItemOnListUseCase.swift in Sources */ = {isa = PBXBuildFile; fileRef = 7B915C0726583EFB0016BEAB /* EditItemOnListUseCase.swift */; };
		7B915C1026583FA40016BEAB /* ItemOnListRepository.swift in Sources */ = {isa = PBXBuildFile; fileRef = 7B915C0F26583FA40016BEAB /* ItemOnListRepository.swift */; };
		7B915C1D265845570016BEAB /* EditItemOnListUseCaseTest.swift in Sources */ = {isa = PBXBuildFile; fileRef = 7B915C1C265845570016BEAB /* EditItemOnListUseCaseTest.swift */; };
		7B915C23265845A40016BEAB /* MockListRepository.swift in Sources */ = {isa = PBXBuildFile; fileRef = 7B915C22265845A40016BEAB /* MockListRepository.swift */; };
		7B9807BB2657FF5400D5E74C /* AddItemOnListUseCase.swift in Sources */ = {isa = PBXBuildFile; fileRef = 7B9807BA2657FF5400D5E74C /* AddItemOnListUseCase.swift */; };
		7BB1BA1325DFEECC007FA08B /* AppDelegate.swift in Sources */ = {isa = PBXBuildFile; fileRef = 7BB1BA1225DFEECC007FA08B /* AppDelegate.swift */; };
		7BB1BA1525DFEECC007FA08B /* SceneDelegate.swift in Sources */ = {isa = PBXBuildFile; fileRef = 7BB1BA1425DFEECC007FA08B /* SceneDelegate.swift */; };
		7BB1BA1725DFEECC007FA08B /* ViewController.swift in Sources */ = {isa = PBXBuildFile; fileRef = 7BB1BA1625DFEECC007FA08B /* ViewController.swift */; };
		7BB1BA1D25DFEECC007FA08B /* ShoppingList.xcdatamodeld in Sources */ = {isa = PBXBuildFile; fileRef = 7BB1BA1B25DFEECC007FA08B /* ShoppingList.xcdatamodeld */; };
		7BB1BA1F25DFEECF007FA08B /* Assets.xcassets in Resources */ = {isa = PBXBuildFile; fileRef = 7BB1BA1E25DFEECF007FA08B /* Assets.xcassets */; };
		7BB1BA2225DFEECF007FA08B /* LaunchScreen.storyboard in Resources */ = {isa = PBXBuildFile; fileRef = 7BB1BA2025DFEECF007FA08B /* LaunchScreen.storyboard */; };
		7BB1BA2D25DFEECF007FA08B /* ShoppingListTests.swift in Sources */ = {isa = PBXBuildFile; fileRef = 7BB1BA2C25DFEECF007FA08B /* ShoppingListTests.swift */; };
		7BB1BA3825DFEECF007FA08B /* ShoppingListUITests.swift in Sources */ = {isa = PBXBuildFile; fileRef = 7BB1BA3725DFEECF007FA08B /* ShoppingListUITests.swift */; };
		7BB1BA4D25DFEF2B007FA08B /* List.swift in Sources */ = {isa = PBXBuildFile; fileRef = 7BB1BA4C25DFEF2B007FA08B /* List.swift */; };
		7BB1BA5225DFEF81007FA08B /* Item.swift in Sources */ = {isa = PBXBuildFile; fileRef = 7BB1BA5125DFEF81007FA08B /* Item.swift */; };
		7BB1BA5C25DFF08D007FA08B /* ItemOnList.swift in Sources */ = {isa = PBXBuildFile; fileRef = 7BB1BA5B25DFF08D007FA08B /* ItemOnList.swift */; };
		7BB1BA6525DFF356007FA08B /* ICreateListUseCase.swift in Sources */ = {isa = PBXBuildFile; fileRef = 7BB1BA6425DFF356007FA08B /* ICreateListUseCase.swift */; };
		7BB1BAA625DFF6AB007FA08B /* IAddItemOnListUseCase.swift in Sources */ = {isa = PBXBuildFile; fileRef = 7BB1BAA525DFF6AB007FA08B /* IAddItemOnListUseCase.swift */; };
		7BB1BAAB25DFF7E3007FA08B /* IRemoveItemfromListUseCase.swift in Sources */ = {isa = PBXBuildFile; fileRef = 7BB1BAAA25DFF7E3007FA08B /* IRemoveItemfromListUseCase.swift */; };
		7BB1BAB325DFF84A007FA08B /* IEditItemOnListUseCase.swift in Sources */ = {isa = PBXBuildFile; fileRef = 7BB1BAB225DFF84A007FA08B /* IEditItemOnListUseCase.swift */; };
		7BB1BABE25DFF929007FA08B /* IDeleteListUseCase.swift in Sources */ = {isa = PBXBuildFile; fileRef = 7BB1BABD25DFF929007FA08B /* IDeleteListUseCase.swift */; };
		7BB1BAC325DFF9BD007FA08B /* IGetListUseCase.swift in Sources */ = {isa = PBXBuildFile; fileRef = 7BB1BAC225DFF9BD007FA08B /* IGetListUseCase.swift */; };
		7BB1BAC825DFFA44007FA08B /* IGetItemUseCase.swift in Sources */ = {isa = PBXBuildFile; fileRef = 7BB1BAC725DFFA44007FA08B /* IGetItemUseCase.swift */; };
		7BB1BAD025E00070007FA08B /* ISaveListAsTemplateUseCase.swift in Sources */ = {isa = PBXBuildFile; fileRef = 7BB1BACF25E00070007FA08B /* ISaveListAsTemplateUseCase.swift */; };
		7BB1BADA25E00153007FA08B /* IAddItemOnCartUseCase.swift in Sources */ = {isa = PBXBuildFile; fileRef = 7BB1BAD925E00153007FA08B /* IAddItemOnCartUseCase.swift */; };
		7BB1BADF25E0019F007FA08B /* IRemoveItemFromCartUseCase.swift in Sources */ = {isa = PBXBuildFile; fileRef = 7BB1BADE25E0019F007FA08B /* IRemoveItemFromCartUseCase.swift */; };
		7BB1BAEA25E0024F007FA08B /* IEditItemOnCartUseCase.swift in Sources */ = {isa = PBXBuildFile; fileRef = 7BB1BAE925E0024F007FA08B /* IEditItemOnCartUseCase.swift */; };
		7BB1BAEF25E0028C007FA08B /* ICheckoutUseCase.swift in Sources */ = {isa = PBXBuildFile; fileRef = 7BB1BAEE25E0028C007FA08B /* ICheckoutUseCase.swift */; };
		7BCD9D872630966C001E7354 /* ItemPrice.swift in Sources */ = {isa = PBXBuildFile; fileRef = 7BCD9D862630966C001E7354 /* ItemPrice.swift */; };
		7BCD9D8C263096AC001E7354 /* Location.swift in Sources */ = {isa = PBXBuildFile; fileRef = 7BCD9D8B263096AC001E7354 /* Location.swift */; };
		7BCD9D9226309931001E7354 /* IEditListNameUseCase.swift in Sources */ = {isa = PBXBuildFile; fileRef = 7BCD9D9126309931001E7354 /* IEditListNameUseCase.swift */; };
		7BCD9D9B263099C3001E7354 /* IAddItemPriceUseCase.swift in Sources */ = {isa = PBXBuildFile; fileRef = 7BCD9D9A263099C3001E7354 /* IAddItemPriceUseCase.swift */; };
		7BCD9DA626309CCB001E7354 /* Cart.swift in Sources */ = {isa = PBXBuildFile; fileRef = 7BCD9DA526309CCB001E7354 /* Cart.swift */; };
		7BCD9DBE2630AC35001E7354 /* ICRUDRepository.swift in Sources */ = {isa = PBXBuildFile; fileRef = 7BCD9DBD2630AC35001E7354 /* ICRUDRepository.swift */; };
		7BCF53962644CD7100794EE2 /* CoreDataStack.swift in Sources */ = {isa = PBXBuildFile; fileRef = 7BCF53952644CD7100794EE2 /* CoreDataStack.swift */; };
		7BD222E32645B40D006938BD /* HomeViewController.swift in Sources */ = {isa = PBXBuildFile; fileRef = 7BD222E22645B40D006938BD /* HomeViewController.swift */; };
		7BD222EB2645B41B006938BD /* HomeView.swift in Sources */ = {isa = PBXBuildFile; fileRef = 7BD222EA2645B41B006938BD /* HomeView.swift */; };
		7BD222FC2645B600006938BD /* ViewCode.swift in Sources */ = {isa = PBXBuildFile; fileRef = 7BD222FB2645B600006938BD /* ViewCode.swift */; };
		7BD223012645B68E006938BD /* HomeViewModel.swift in Sources */ = {isa = PBXBuildFile; fileRef = 7BD223002645B68E006938BD /* HomeViewModel.swift */; };
		7BD223072645BB8D006938BD /* CustomTabBarView.swift in Sources */ = {isa = PBXBuildFile; fileRef = 7BD223062645BB8D006938BD /* CustomTabBarView.swift */; };
		7BD95447265693DE00ED2EF2 /* AddItemOnCartUseCaseTest.swift in Sources */ = {isa = PBXBuildFile; fileRef = 7BD95446265693DE00ED2EF2 /* AddItemOnCartUseCaseTest.swift */; };
		7BD9546226569C1B00ED2EF2 /* ISearchForItemsUseCase.swift in Sources */ = {isa = PBXBuildFile; fileRef = 7BD9546126569C1B00ED2EF2 /* ISearchForItemsUseCase.swift */; };
		7BD9546A26569C8D00ED2EF2 /* SearchForItemsUseCase.swift in Sources */ = {isa = PBXBuildFile; fileRef = 7BD9546926569C8D00ED2EF2 /* SearchForItemsUseCase.swift */; };
		7BD9547226569D6100ED2EF2 /* ItemRepository.swift in Sources */ = {isa = PBXBuildFile; fileRef = 7BD9547126569D6100ED2EF2 /* ItemRepository.swift */; };
		7BD9548226569EDF00ED2EF2 /* IItemRepository.swift in Sources */ = {isa = PBXBuildFile; fileRef = 7BD9548126569EDF00ED2EF2 /* IItemRepository.swift */; };
		7BD9548A2656AB8600ED2EF2 /* Item+CDItem.swift in Sources */ = {isa = PBXBuildFile; fileRef = 7BD954892656AB8600ED2EF2 /* Item+CDItem.swift */; };
		7BD954902656AEC900ED2EF2 /* SearchForItemsUseCaseTest.swift in Sources */ = {isa = PBXBuildFile; fileRef = 7BD9548F2656AEC900ED2EF2 /* SearchForItemsUseCaseTest.swift */; };
		7BE140BE264036C900967853 /* ListRepository.swift in Sources */ = {isa = PBXBuildFile; fileRef = 7BE140BD264036C900967853 /* ListRepository.swift */; };
		7BE150B62630B90C0015693C /* Fetchable.swift in Sources */ = {isa = PBXBuildFile; fileRef = 7BE150B52630B90C0015693C /* Fetchable.swift */; };
		7BE8CE2226457A550090955D /* ListRepositoryTests.swift in Sources */ = {isa = PBXBuildFile; fileRef = 7BE8CE2126457A550090955D /* ListRepositoryTests.swift */; };
		7BE8CE3026457D4A0090955D /* TestCoreDataStack.swift in Sources */ = {isa = PBXBuildFile; fileRef = 7BE8CE2F26457D4A0090955D /* TestCoreDataStack.swift */; };
		7BE8CE39264581870090955D /* List+CDList.swift in Sources */ = {isa = PBXBuildFile; fileRef = 7BE8CE38264581870090955D /* List+CDList.swift */; };
		7BE8CE3E264587E80090955D /* Cart+CDCart.swift in Sources */ = {isa = PBXBuildFile; fileRef = 7BE8CE3D264587E80090955D /* Cart+CDCart.swift */; };
		7BE8CE492645884B0090955D /* ItemOnList+CDItemOnList.swift in Sources */ = {isa = PBXBuildFile; fileRef = 7BE8CE482645884B0090955D /* ItemOnList+CDItemOnList.swift */; };
		7BFF1EE0265C32310004F766 /* ICreateItemUseCase.swift in Sources */ = {isa = PBXBuildFile; fileRef = 7BFF1EDF265C32310004F766 /* ICreateItemUseCase.swift */; };
		7BFF1EE5265C32F20004F766 /* CreateItemUseCase.swift in Sources */ = {isa = PBXBuildFile; fileRef = 7BFF1EE4265C32F20004F766 /* CreateItemUseCase.swift */; };
		7BFF1EEA265C33AE0004F766 /* CreateItemUseCaseTest.swift in Sources */ = {isa = PBXBuildFile; fileRef = 7BFF1EE9265C33AE0004F766 /* CreateItemUseCaseTest.swift */; };
		7BFF1EFA265C35AC0004F766 /* GetItemUseCase.swift in Sources */ = {isa = PBXBuildFile; fileRef = 7BFF1EF9265C35AC0004F766 /* GetItemUseCase.swift */; };
		CF6701135D9C37CBF62DF4B7 /* Pods_ShoppingListTests.framework in Frameworks */ = {isa = PBXBuildFile; fileRef = D6FDC66EF2C5F9BA06BB0D04 /* Pods_ShoppingListTests.framework */; };
		E794E0650B735E6E6C11D396 /* Pods_ShoppingList_ShoppingListUITests.framework in Frameworks */ = {isa = PBXBuildFile; fileRef = CF56945634C1614006B5727E /* Pods_ShoppingList_ShoppingListUITests.framework */; };
/* End PBXBuildFile section */

/* Begin PBXContainerItemProxy section */
		7BB1BA2925DFEECF007FA08B /* PBXContainerItemProxy */ = {
			isa = PBXContainerItemProxy;
			containerPortal = 7BB1BA0725DFEECC007FA08B /* Project object */;
			proxyType = 1;
			remoteGlobalIDString = 7BB1BA0E25DFEECC007FA08B;
			remoteInfo = ShoppingList;
		};
		7BB1BA3425DFEECF007FA08B /* PBXContainerItemProxy */ = {
			isa = PBXContainerItemProxy;
			containerPortal = 7BB1BA0725DFEECC007FA08B /* Project object */;
			proxyType = 1;
			remoteGlobalIDString = 7BB1BA0E25DFEECC007FA08B;
			remoteInfo = ShoppingList;
		};
/* End PBXContainerItemProxy section */

/* Begin PBXFileReference section */
		2D83C78E6C6D8C5A4AA08DD8 /* Pods-ShoppingList.release.xcconfig */ = {isa = PBXFileReference; includeInIndex = 1; lastKnownFileType = text.xcconfig; name = "Pods-ShoppingList.release.xcconfig"; path = "Target Support Files/Pods-ShoppingList/Pods-ShoppingList.release.xcconfig"; sourceTree = "<group>"; };
		5E9F87679C95DEC06335922B /* Pods-ShoppingList-ShoppingListUITests.debug.xcconfig */ = {isa = PBXFileReference; includeInIndex = 1; lastKnownFileType = text.xcconfig; name = "Pods-ShoppingList-ShoppingListUITests.debug.xcconfig"; path = "Target Support Files/Pods-ShoppingList-ShoppingListUITests/Pods-ShoppingList-ShoppingListUITests.debug.xcconfig"; sourceTree = "<group>"; };
		7B00C5A02643511F0000ABC2 /* RemoveItemFromCartUseCaseTest.swift */ = {isa = PBXFileReference; lastKnownFileType = sourcecode.swift; path = RemoveItemFromCartUseCaseTest.swift; sourceTree = "<group>"; };
		7B00C5A926435AE90000ABC2 /* ListTests.swift */ = {isa = PBXFileReference; lastKnownFileType = sourcecode.swift; path = ListTests.swift; sourceTree = "<group>"; };
		7B507D66263313DB000EE3B2 /* CreateListUseCaseTest.swift */ = {isa = PBXFileReference; lastKnownFileType = sourcecode.swift; path = CreateListUseCaseTest.swift; sourceTree = "<group>"; };
		7B77DD35265C2628000A4A76 /* MockItemRepository.swift */ = {isa = PBXFileReference; lastKnownFileType = sourcecode.swift; path = MockItemRepository.swift; sourceTree = "<group>"; };
		7B77DD3A265C29D9000A4A76 /* MockItemOnListRepository.swift */ = {isa = PBXFileReference; lastKnownFileType = sourcecode.swift; path = MockItemOnListRepository.swift; sourceTree = "<group>"; };
		7B794AEE2632286A009BA004 /* CreateListUseCase.swift */ = {isa = PBXFileReference; lastKnownFileType = sourcecode.swift; path = CreateListUseCase.swift; sourceTree = "<group>"; };
		7B8209882631061F00003819 /* AddItemOnCartUseCase.swift */ = {isa = PBXFileReference; lastKnownFileType = sourcecode.swift; path = AddItemOnCartUseCase.swift; sourceTree = "<group>"; };
		7B82098D26310A7300003819 /* RemoveItemFromCartUseCase.swift */ = {isa = PBXFileReference; lastKnownFileType = sourcecode.swift; path = RemoveItemFromCartUseCase.swift; sourceTree = "<group>"; };
		7B915BDA2658074E0016BEAB /* AddItemOnListUseCaseTest.swift */ = {isa = PBXFileReference; lastKnownFileType = sourcecode.swift; path = AddItemOnListUseCaseTest.swift; sourceTree = "<group>"; };
		7B915BED265835600016BEAB /* DeleteListUseCase.swift */ = {isa = PBXFileReference; lastKnownFileType = sourcecode.swift; path = DeleteListUseCase.swift; sourceTree = "<group>"; };
		7B915BFA265837F60016BEAB /* DeleteListUseCaseTest.swift */ = {isa = PBXFileReference; lastKnownFileType = sourcecode.swift; path = DeleteListUseCaseTest.swift; sourceTree = "<group>"; };
		7B915C0726583EFB0016BEAB /* EditItemOnListUseCase.swift */ = {isa = PBXFileReference; lastKnownFileType = sourcecode.swift; path = EditItemOnListUseCase.swift; sourceTree = "<group>"; };
		7B915C0F26583FA40016BEAB /* ItemOnListRepository.swift */ = {isa = PBXFileReference; lastKnownFileType = sourcecode.swift; path = ItemOnListRepository.swift; sourceTree = "<group>"; };
		7B915C1C265845570016BEAB /* EditItemOnListUseCaseTest.swift */ = {isa = PBXFileReference; lastKnownFileType = sourcecode.swift; path = EditItemOnListUseCaseTest.swift; sourceTree = "<group>"; };
		7B915C22265845A40016BEAB /* MockListRepository.swift */ = {isa = PBXFileReference; lastKnownFileType = sourcecode.swift; path = MockListRepository.swift; sourceTree = "<group>"; };
		7B9807BA2657FF5400D5E74C /* AddItemOnListUseCase.swift */ = {isa = PBXFileReference; lastKnownFileType = sourcecode.swift; path = AddItemOnListUseCase.swift; sourceTree = "<group>"; };
		7BB1BA0F25DFEECC007FA08B /* ShoppingList.app */ = {isa = PBXFileReference; explicitFileType = wrapper.application; includeInIndex = 0; path = ShoppingList.app; sourceTree = BUILT_PRODUCTS_DIR; };
		7BB1BA1225DFEECC007FA08B /* AppDelegate.swift */ = {isa = PBXFileReference; lastKnownFileType = sourcecode.swift; path = AppDelegate.swift; sourceTree = "<group>"; };
		7BB1BA1425DFEECC007FA08B /* SceneDelegate.swift */ = {isa = PBXFileReference; lastKnownFileType = sourcecode.swift; path = SceneDelegate.swift; sourceTree = "<group>"; };
		7BB1BA1625DFEECC007FA08B /* ViewController.swift */ = {isa = PBXFileReference; lastKnownFileType = sourcecode.swift; path = ViewController.swift; sourceTree = "<group>"; };
		7BB1BA1C25DFEECC007FA08B /* ShoppingList.xcdatamodel */ = {isa = PBXFileReference; lastKnownFileType = wrapper.xcdatamodel; path = ShoppingList.xcdatamodel; sourceTree = "<group>"; };
		7BB1BA1E25DFEECF007FA08B /* Assets.xcassets */ = {isa = PBXFileReference; lastKnownFileType = folder.assetcatalog; path = Assets.xcassets; sourceTree = "<group>"; };
		7BB1BA2125DFEECF007FA08B /* Base */ = {isa = PBXFileReference; lastKnownFileType = file.storyboard; name = Base; path = Base.lproj/LaunchScreen.storyboard; sourceTree = "<group>"; };
		7BB1BA2325DFEECF007FA08B /* Info.plist */ = {isa = PBXFileReference; lastKnownFileType = text.plist.xml; path = Info.plist; sourceTree = "<group>"; };
		7BB1BA2825DFEECF007FA08B /* ShoppingListTests.xctest */ = {isa = PBXFileReference; explicitFileType = wrapper.cfbundle; includeInIndex = 0; path = ShoppingListTests.xctest; sourceTree = BUILT_PRODUCTS_DIR; };
		7BB1BA2C25DFEECF007FA08B /* ShoppingListTests.swift */ = {isa = PBXFileReference; lastKnownFileType = sourcecode.swift; path = ShoppingListTests.swift; sourceTree = "<group>"; };
		7BB1BA2E25DFEECF007FA08B /* Info.plist */ = {isa = PBXFileReference; lastKnownFileType = text.plist.xml; path = Info.plist; sourceTree = "<group>"; };
		7BB1BA3325DFEECF007FA08B /* ShoppingListUITests.xctest */ = {isa = PBXFileReference; explicitFileType = wrapper.cfbundle; includeInIndex = 0; path = ShoppingListUITests.xctest; sourceTree = BUILT_PRODUCTS_DIR; };
		7BB1BA3725DFEECF007FA08B /* ShoppingListUITests.swift */ = {isa = PBXFileReference; lastKnownFileType = sourcecode.swift; path = ShoppingListUITests.swift; sourceTree = "<group>"; };
		7BB1BA3925DFEECF007FA08B /* Info.plist */ = {isa = PBXFileReference; lastKnownFileType = text.plist.xml; path = Info.plist; sourceTree = "<group>"; };
		7BB1BA4C25DFEF2B007FA08B /* List.swift */ = {isa = PBXFileReference; lastKnownFileType = sourcecode.swift; path = List.swift; sourceTree = "<group>"; };
		7BB1BA5125DFEF81007FA08B /* Item.swift */ = {isa = PBXFileReference; lastKnownFileType = sourcecode.swift; path = Item.swift; sourceTree = "<group>"; };
		7BB1BA5B25DFF08D007FA08B /* ItemOnList.swift */ = {isa = PBXFileReference; lastKnownFileType = sourcecode.swift; path = ItemOnList.swift; sourceTree = "<group>"; };
		7BB1BA6425DFF356007FA08B /* ICreateListUseCase.swift */ = {isa = PBXFileReference; lastKnownFileType = sourcecode.swift; path = ICreateListUseCase.swift; sourceTree = "<group>"; };
		7BB1BAA525DFF6AB007FA08B /* IAddItemOnListUseCase.swift */ = {isa = PBXFileReference; lastKnownFileType = sourcecode.swift; path = IAddItemOnListUseCase.swift; sourceTree = "<group>"; };
		7BB1BAAA25DFF7E3007FA08B /* IRemoveItemfromListUseCase.swift */ = {isa = PBXFileReference; lastKnownFileType = sourcecode.swift; path = IRemoveItemfromListUseCase.swift; sourceTree = "<group>"; };
		7BB1BAB225DFF84A007FA08B /* IEditItemOnListUseCase.swift */ = {isa = PBXFileReference; lastKnownFileType = sourcecode.swift; path = IEditItemOnListUseCase.swift; sourceTree = "<group>"; };
		7BB1BABD25DFF929007FA08B /* IDeleteListUseCase.swift */ = {isa = PBXFileReference; lastKnownFileType = sourcecode.swift; path = IDeleteListUseCase.swift; sourceTree = "<group>"; };
		7BB1BAC225DFF9BD007FA08B /* IGetListUseCase.swift */ = {isa = PBXFileReference; lastKnownFileType = sourcecode.swift; path = IGetListUseCase.swift; sourceTree = "<group>"; };
		7BB1BAC725DFFA44007FA08B /* IGetItemUseCase.swift */ = {isa = PBXFileReference; lastKnownFileType = sourcecode.swift; path = IGetItemUseCase.swift; sourceTree = "<group>"; };
		7BB1BACF25E00070007FA08B /* ISaveListAsTemplateUseCase.swift */ = {isa = PBXFileReference; lastKnownFileType = sourcecode.swift; path = ISaveListAsTemplateUseCase.swift; sourceTree = "<group>"; };
		7BB1BAD925E00153007FA08B /* IAddItemOnCartUseCase.swift */ = {isa = PBXFileReference; lastKnownFileType = sourcecode.swift; path = IAddItemOnCartUseCase.swift; sourceTree = "<group>"; };
		7BB1BADE25E0019F007FA08B /* IRemoveItemFromCartUseCase.swift */ = {isa = PBXFileReference; lastKnownFileType = sourcecode.swift; path = IRemoveItemFromCartUseCase.swift; sourceTree = "<group>"; };
		7BB1BAE925E0024F007FA08B /* IEditItemOnCartUseCase.swift */ = {isa = PBXFileReference; lastKnownFileType = sourcecode.swift; path = IEditItemOnCartUseCase.swift; sourceTree = "<group>"; };
		7BB1BAEE25E0028C007FA08B /* ICheckoutUseCase.swift */ = {isa = PBXFileReference; lastKnownFileType = sourcecode.swift; path = ICheckoutUseCase.swift; sourceTree = "<group>"; };
		7BCD9D862630966C001E7354 /* ItemPrice.swift */ = {isa = PBXFileReference; lastKnownFileType = sourcecode.swift; path = ItemPrice.swift; sourceTree = "<group>"; };
		7BCD9D8B263096AC001E7354 /* Location.swift */ = {isa = PBXFileReference; lastKnownFileType = sourcecode.swift; path = Location.swift; sourceTree = "<group>"; };
		7BCD9D9126309931001E7354 /* IEditListNameUseCase.swift */ = {isa = PBXFileReference; lastKnownFileType = sourcecode.swift; path = IEditListNameUseCase.swift; sourceTree = "<group>"; };
		7BCD9D9A263099C3001E7354 /* IAddItemPriceUseCase.swift */ = {isa = PBXFileReference; lastKnownFileType = sourcecode.swift; path = IAddItemPriceUseCase.swift; sourceTree = "<group>"; };
		7BCD9DA526309CCB001E7354 /* Cart.swift */ = {isa = PBXFileReference; lastKnownFileType = sourcecode.swift; path = Cart.swift; sourceTree = "<group>"; };
		7BCD9DBD2630AC35001E7354 /* ICRUDRepository.swift */ = {isa = PBXFileReference; lastKnownFileType = sourcecode.swift; path = ICRUDRepository.swift; sourceTree = "<group>"; };
		7BCF53952644CD7100794EE2 /* CoreDataStack.swift */ = {isa = PBXFileReference; lastKnownFileType = sourcecode.swift; path = CoreDataStack.swift; sourceTree = "<group>"; };
		7BD222E22645B40D006938BD /* HomeViewController.swift */ = {isa = PBXFileReference; lastKnownFileType = sourcecode.swift; path = HomeViewController.swift; sourceTree = "<group>"; };
		7BD222EA2645B41B006938BD /* HomeView.swift */ = {isa = PBXFileReference; lastKnownFileType = sourcecode.swift; path = HomeView.swift; sourceTree = "<group>"; };
		7BD222FB2645B600006938BD /* ViewCode.swift */ = {isa = PBXFileReference; lastKnownFileType = sourcecode.swift; path = ViewCode.swift; sourceTree = "<group>"; };
		7BD223002645B68E006938BD /* HomeViewModel.swift */ = {isa = PBXFileReference; lastKnownFileType = sourcecode.swift; path = HomeViewModel.swift; sourceTree = "<group>"; };
		7BD223062645BB8D006938BD /* CustomTabBarView.swift */ = {isa = PBXFileReference; lastKnownFileType = sourcecode.swift; path = CustomTabBarView.swift; sourceTree = "<group>"; };
		7BD95446265693DE00ED2EF2 /* AddItemOnCartUseCaseTest.swift */ = {isa = PBXFileReference; lastKnownFileType = sourcecode.swift; path = AddItemOnCartUseCaseTest.swift; sourceTree = "<group>"; };
		7BD9546126569C1B00ED2EF2 /* ISearchForItemsUseCase.swift */ = {isa = PBXFileReference; lastKnownFileType = sourcecode.swift; path = ISearchForItemsUseCase.swift; sourceTree = "<group>"; };
		7BD9546926569C8D00ED2EF2 /* SearchForItemsUseCase.swift */ = {isa = PBXFileReference; lastKnownFileType = sourcecode.swift; name = SearchForItemsUseCase.swift; path = ShoppingList/Domain/UseCases/Interfaces/Item/SearchForItemsUseCase.swift; sourceTree = SOURCE_ROOT; };
		7BD9547126569D6100ED2EF2 /* ItemRepository.swift */ = {isa = PBXFileReference; lastKnownFileType = sourcecode.swift; path = ItemRepository.swift; sourceTree = "<group>"; };
		7BD9548126569EDF00ED2EF2 /* IItemRepository.swift */ = {isa = PBXFileReference; lastKnownFileType = sourcecode.swift; path = IItemRepository.swift; sourceTree = "<group>"; };
		7BD954892656AB8600ED2EF2 /* Item+CDItem.swift */ = {isa = PBXFileReference; lastKnownFileType = sourcecode.swift; path = "Item+CDItem.swift"; sourceTree = "<group>"; };
		7BD9548F2656AEC900ED2EF2 /* SearchForItemsUseCaseTest.swift */ = {isa = PBXFileReference; lastKnownFileType = sourcecode.swift; path = SearchForItemsUseCaseTest.swift; sourceTree = "<group>"; };
		7BE140BD264036C900967853 /* ListRepository.swift */ = {isa = PBXFileReference; lastKnownFileType = sourcecode.swift; path = ListRepository.swift; sourceTree = "<group>"; };
		7BE150B52630B90C0015693C /* Fetchable.swift */ = {isa = PBXFileReference; lastKnownFileType = sourcecode.swift; path = Fetchable.swift; sourceTree = "<group>"; };
		7BE8CE2126457A550090955D /* ListRepositoryTests.swift */ = {isa = PBXFileReference; lastKnownFileType = sourcecode.swift; path = ListRepositoryTests.swift; sourceTree = "<group>"; };
		7BE8CE2F26457D4A0090955D /* TestCoreDataStack.swift */ = {isa = PBXFileReference; lastKnownFileType = sourcecode.swift; path = TestCoreDataStack.swift; sourceTree = "<group>"; };
		7BE8CE38264581870090955D /* List+CDList.swift */ = {isa = PBXFileReference; lastKnownFileType = sourcecode.swift; path = "List+CDList.swift"; sourceTree = "<group>"; };
		7BE8CE3D264587E80090955D /* Cart+CDCart.swift */ = {isa = PBXFileReference; lastKnownFileType = sourcecode.swift; path = "Cart+CDCart.swift"; sourceTree = "<group>"; };
		7BE8CE482645884B0090955D /* ItemOnList+CDItemOnList.swift */ = {isa = PBXFileReference; lastKnownFileType = sourcecode.swift; path = "ItemOnList+CDItemOnList.swift"; sourceTree = "<group>"; };
		7BFF1EDF265C32310004F766 /* ICreateItemUseCase.swift */ = {isa = PBXFileReference; lastKnownFileType = sourcecode.swift; path = ICreateItemUseCase.swift; sourceTree = "<group>"; };
		7BFF1EE4265C32F20004F766 /* CreateItemUseCase.swift */ = {isa = PBXFileReference; lastKnownFileType = sourcecode.swift; name = CreateItemUseCase.swift; path = ShoppingList/Domain/UseCases/Interfaces/Item/CreateItemUseCase.swift; sourceTree = SOURCE_ROOT; };
		7BFF1EE9265C33AE0004F766 /* CreateItemUseCaseTest.swift */ = {isa = PBXFileReference; lastKnownFileType = sourcecode.swift; path = CreateItemUseCaseTest.swift; sourceTree = "<group>"; };
		7BFF1EF9265C35AC0004F766 /* GetItemUseCase.swift */ = {isa = PBXFileReference; lastKnownFileType = sourcecode.swift; name = GetItemUseCase.swift; path = ShoppingListTests/UnitTests/Domain/UseCases/Item/GetItemUseCase.swift; sourceTree = SOURCE_ROOT; };
		A910C95D43058E318071EAC4 /* Pods-ShoppingList.debug.xcconfig */ = {isa = PBXFileReference; includeInIndex = 1; lastKnownFileType = text.xcconfig; name = "Pods-ShoppingList.debug.xcconfig"; path = "Target Support Files/Pods-ShoppingList/Pods-ShoppingList.debug.xcconfig"; sourceTree = "<group>"; };
		ACF885986906ECAFCDD908F0 /* Pods_ShoppingList.framework */ = {isa = PBXFileReference; explicitFileType = wrapper.framework; includeInIndex = 0; path = Pods_ShoppingList.framework; sourceTree = BUILT_PRODUCTS_DIR; };
		CF56945634C1614006B5727E /* Pods_ShoppingList_ShoppingListUITests.framework */ = {isa = PBXFileReference; explicitFileType = wrapper.framework; includeInIndex = 0; path = Pods_ShoppingList_ShoppingListUITests.framework; sourceTree = BUILT_PRODUCTS_DIR; };
		D301866C7E8F78BA0D60C2AE /* Pods-ShoppingList-ShoppingListUITests.release.xcconfig */ = {isa = PBXFileReference; includeInIndex = 1; lastKnownFileType = text.xcconfig; name = "Pods-ShoppingList-ShoppingListUITests.release.xcconfig"; path = "Target Support Files/Pods-ShoppingList-ShoppingListUITests/Pods-ShoppingList-ShoppingListUITests.release.xcconfig"; sourceTree = "<group>"; };
		D4A4BB5335ABACC14B9BA77A /* Pods-ShoppingListTests.debug.xcconfig */ = {isa = PBXFileReference; includeInIndex = 1; lastKnownFileType = text.xcconfig; name = "Pods-ShoppingListTests.debug.xcconfig"; path = "Target Support Files/Pods-ShoppingListTests/Pods-ShoppingListTests.debug.xcconfig"; sourceTree = "<group>"; };
		D6FDC66EF2C5F9BA06BB0D04 /* Pods_ShoppingListTests.framework */ = {isa = PBXFileReference; explicitFileType = wrapper.framework; includeInIndex = 0; path = Pods_ShoppingListTests.framework; sourceTree = BUILT_PRODUCTS_DIR; };
		E04F766D0F51AB74C937CD8F /* Pods-ShoppingListTests.release.xcconfig */ = {isa = PBXFileReference; includeInIndex = 1; lastKnownFileType = text.xcconfig; name = "Pods-ShoppingListTests.release.xcconfig"; path = "Target Support Files/Pods-ShoppingListTests/Pods-ShoppingListTests.release.xcconfig"; sourceTree = "<group>"; };
/* End PBXFileReference section */

/* Begin PBXFrameworksBuildPhase section */
		7BB1BA0C25DFEECC007FA08B /* Frameworks */ = {
			isa = PBXFrameworksBuildPhase;
			buildActionMask = 2147483647;
			files = (
				22F95E0D63D5DE61D398016C /* Pods_ShoppingList.framework in Frameworks */,
			);
			runOnlyForDeploymentPostprocessing = 0;
		};
		7BB1BA2525DFEECF007FA08B /* Frameworks */ = {
			isa = PBXFrameworksBuildPhase;
			buildActionMask = 2147483647;
			files = (
				CF6701135D9C37CBF62DF4B7 /* Pods_ShoppingListTests.framework in Frameworks */,
			);
			runOnlyForDeploymentPostprocessing = 0;
		};
		7BB1BA3025DFEECF007FA08B /* Frameworks */ = {
			isa = PBXFrameworksBuildPhase;
			buildActionMask = 2147483647;
			files = (
				E794E0650B735E6E6C11D396 /* Pods_ShoppingList_ShoppingListUITests.framework in Frameworks */,
			);
			runOnlyForDeploymentPostprocessing = 0;
		};
/* End PBXFrameworksBuildPhase section */

/* Begin PBXGroup section */
		0DBEF6A2F2C804E7EE66DA03 /* Frameworks */ = {
			isa = PBXGroup;
			children = (
				ACF885986906ECAFCDD908F0 /* Pods_ShoppingList.framework */,
				CF56945634C1614006B5727E /* Pods_ShoppingList_ShoppingListUITests.framework */,
				D6FDC66EF2C5F9BA06BB0D04 /* Pods_ShoppingListTests.framework */,
			);
			name = Frameworks;
			sourceTree = "<group>";
		};
		6D11F9E8D6444FDD329D0CB3 /* Pods */ = {
			isa = PBXGroup;
			children = (
				A910C95D43058E318071EAC4 /* Pods-ShoppingList.debug.xcconfig */,
				2D83C78E6C6D8C5A4AA08DD8 /* Pods-ShoppingList.release.xcconfig */,
				5E9F87679C95DEC06335922B /* Pods-ShoppingList-ShoppingListUITests.debug.xcconfig */,
				D301866C7E8F78BA0D60C2AE /* Pods-ShoppingList-ShoppingListUITests.release.xcconfig */,
				D4A4BB5335ABACC14B9BA77A /* Pods-ShoppingListTests.debug.xcconfig */,
				E04F766D0F51AB74C937CD8F /* Pods-ShoppingListTests.release.xcconfig */,
			);
			path = Pods;
			sourceTree = "<group>";
		};
		7B00C59F264350E80000ABC2 /* UnitTests */ = {
			isa = PBXGroup;
			children = (
				7BE8CE2026457A410090955D /* Data */,
				7B507D64263313AC000EE3B2 /* Domain */,
			);
			path = UnitTests;
			sourceTree = "<group>";
		};
		7B00C5A826435AD10000ABC2 /* Entities */ = {
			isa = PBXGroup;
			children = (
				7B00C5A926435AE90000ABC2 /* ListTests.swift */,
			);
			path = Entities;
			sourceTree = "<group>";
		};
		7B00C5BC264363AC0000ABC2 /* Infrastructure */ = {
			isa = PBXGroup;
			children = (
				7BE8CE37264581720090955D /* Extensions */,
				7BB1BA1B25DFEECC007FA08B /* ShoppingList.xcdatamodeld */,
				7BCF53952644CD7100794EE2 /* CoreDataStack.swift */,
			);
			path = Infrastructure;
			sourceTree = "<group>";
		};
		7B507D63263313A3000EE3B2 /* Data */ = {
			isa = PBXGroup;
			children = (
				7BE140BD264036C900967853 /* ListRepository.swift */,
				7BD9547126569D6100ED2EF2 /* ItemRepository.swift */,
				7B915C0F26583FA40016BEAB /* ItemOnListRepository.swift */,
			);
			path = Data;
			sourceTree = "<group>";
		};
		7B507D64263313AC000EE3B2 /* Domain */ = {
			isa = PBXGroup;
			children = (
				7B00C5A826435AD10000ABC2 /* Entities */,
				7B507D65263313BB000EE3B2 /* UseCases */,
			);
			path = Domain;
			sourceTree = "<group>";
		};
		7B507D65263313BB000EE3B2 /* UseCases */ = {
			isa = PBXGroup;
			children = (
				7B915BD9265807380016BEAB /* List */,
				7BD9548E2656AEB900ED2EF2 /* Item */,
			);
			path = UseCases;
			sourceTree = "<group>";
		};
		7B820982263100E700003819 /* List */ = {
			isa = PBXGroup;
			children = (
				7B8209882631061F00003819 /* AddItemOnCartUseCase.swift */,
				7B915C0726583EFB0016BEAB /* EditItemOnListUseCase.swift */,
				7B82098D26310A7300003819 /* RemoveItemFromCartUseCase.swift */,
				7B794AEE2632286A009BA004 /* CreateListUseCase.swift */,
				7B9807BA2657FF5400D5E74C /* AddItemOnListUseCase.swift */,
				7B915BED265835600016BEAB /* DeleteListUseCase.swift */,
			);
			path = List;
			sourceTree = "<group>";
		};
		7B915BD9265807380016BEAB /* List */ = {
			isa = PBXGroup;
			children = (
				7B507D66263313DB000EE3B2 /* CreateListUseCaseTest.swift */,
				7B915C1C265845570016BEAB /* EditItemOnListUseCaseTest.swift */,
				7B00C5A02643511F0000ABC2 /* RemoveItemFromCartUseCaseTest.swift */,
				7BD95446265693DE00ED2EF2 /* AddItemOnCartUseCaseTest.swift */,
				7B915BFA265837F60016BEAB /* DeleteListUseCaseTest.swift */,
				7B915BDA2658074E0016BEAB /* AddItemOnListUseCaseTest.swift */,
			);
			path = List;
			sourceTree = "<group>";
		};
		7B915C21265845910016BEAB /* Mocks */ = {
			isa = PBXGroup;
			children = (
				7B915C22265845A40016BEAB /* MockListRepository.swift */,
				7B77DD35265C2628000A4A76 /* MockItemRepository.swift */,
				7B77DD3A265C29D9000A4A76 /* MockItemOnListRepository.swift */,
			);
			path = Mocks;
			sourceTree = "<group>";
		};
		7BB1BA0625DFEECC007FA08B = {
			isa = PBXGroup;
			children = (
				7BB1BA1125DFEECC007FA08B /* ShoppingList */,
				7BB1BA2B25DFEECF007FA08B /* ShoppingListTests */,
				7BB1BA3625DFEECF007FA08B /* ShoppingListUITests */,
				7BB1BA1025DFEECC007FA08B /* Products */,
				6D11F9E8D6444FDD329D0CB3 /* Pods */,
				0DBEF6A2F2C804E7EE66DA03 /* Frameworks */,
			);
			sourceTree = "<group>";
		};
		7BB1BA1025DFEECC007FA08B /* Products */ = {
			isa = PBXGroup;
			children = (
				7BB1BA0F25DFEECC007FA08B /* ShoppingList.app */,
				7BB1BA2825DFEECF007FA08B /* ShoppingListTests.xctest */,
				7BB1BA3325DFEECF007FA08B /* ShoppingListUITests.xctest */,
			);
			name = Products;
			sourceTree = "<group>";
		};
		7BB1BA1125DFEECC007FA08B /* ShoppingList */ = {
			isa = PBXGroup;
			children = (
				7BB1BA2325DFEECF007FA08B /* Info.plist */,
				7B00C5BC264363AC0000ABC2 /* Infrastructure */,
				7B507D63263313A3000EE3B2 /* Data */,
				7BB1BA4825DFEEF7007FA08B /* Domain */,
				7BD222CB2645A7B3006938BD /* Presentation */,
			);
			path = ShoppingList;
			sourceTree = "<group>";
		};
		7BB1BA2B25DFEECF007FA08B /* ShoppingListTests */ = {
			isa = PBXGroup;
			children = (
				7B915C21265845910016BEAB /* Mocks */,
				7BE8CE2E26457D410090955D /* Utils */,
				7B00C59F264350E80000ABC2 /* UnitTests */,
				7BB1BA2C25DFEECF007FA08B /* ShoppingListTests.swift */,
				7BB1BA2E25DFEECF007FA08B /* Info.plist */,
			);
			path = ShoppingListTests;
			sourceTree = "<group>";
		};
		7BB1BA3625DFEECF007FA08B /* ShoppingListUITests */ = {
			isa = PBXGroup;
			children = (
				7BB1BA3725DFEECF007FA08B /* ShoppingListUITests.swift */,
				7BB1BA3925DFEECF007FA08B /* Info.plist */,
			);
			path = ShoppingListUITests;
			sourceTree = "<group>";
		};
		7BB1BA4825DFEEF7007FA08B /* Domain */ = {
			isa = PBXGroup;
			children = (
				7BB1BA4A25DFEF0F007FA08B /* UseCases */,
				7BB1BA4925DFEEFF007FA08B /* Entities */,
			);
			path = Domain;
			sourceTree = "<group>";
		};
		7BB1BA4925DFEEFF007FA08B /* Entities */ = {
			isa = PBXGroup;
			children = (
				7BB1BA4C25DFEF2B007FA08B /* List.swift */,
				7BB1BA5125DFEF81007FA08B /* Item.swift */,
				7BB1BA5B25DFF08D007FA08B /* ItemOnList.swift */,
				7BCD9D862630966C001E7354 /* ItemPrice.swift */,
				7BCD9D8B263096AC001E7354 /* Location.swift */,
				7BCD9DA526309CCB001E7354 /* Cart.swift */,
				7BE150B52630B90C0015693C /* Fetchable.swift */,
			);
			path = Entities;
			sourceTree = "<group>";
		};
		7BB1BA4A25DFEF0F007FA08B /* UseCases */ = {
			isa = PBXGroup;
			children = (
				7BCD9DAE26309E57001E7354 /* Implementations */,
				7BB1BA6325DFF301007FA08B /* Interfaces */,
			);
			path = UseCases;
			sourceTree = "<group>";
		};
		7BB1BA6325DFF301007FA08B /* Interfaces */ = {
			isa = PBXGroup;
			children = (
				7BCD9DBD2630AC35001E7354 /* ICRUDRepository.swift */,
				7BD9548126569EDF00ED2EF2 /* IItemRepository.swift */,
				7BCD9D9926309969001E7354 /* Item */,
				7BCD9D902630991B001E7354 /* List */,
			);
			path = Interfaces;
			sourceTree = "<group>";
		};
		7BCD9D902630991B001E7354 /* List */ = {
			isa = PBXGroup;
			children = (
				7BB1BAE925E0024F007FA08B /* IEditItemOnCartUseCase.swift */,
				7BB1BAD925E00153007FA08B /* IAddItemOnCartUseCase.swift */,
				7BB1BADE25E0019F007FA08B /* IRemoveItemFromCartUseCase.swift */,
				7BB1BA6425DFF356007FA08B /* ICreateListUseCase.swift */,
				7BCD9D9126309931001E7354 /* IEditListNameUseCase.swift */,
				7BB1BAA525DFF6AB007FA08B /* IAddItemOnListUseCase.swift */,
				7BB1BAAA25DFF7E3007FA08B /* IRemoveItemfromListUseCase.swift */,
				7BB1BAB225DFF84A007FA08B /* IEditItemOnListUseCase.swift */,
				7BB1BABD25DFF929007FA08B /* IDeleteListUseCase.swift */,
				7BB1BAC225DFF9BD007FA08B /* IGetListUseCase.swift */,
				7BB1BAEE25E0028C007FA08B /* ICheckoutUseCase.swift */,
				7BB1BACF25E00070007FA08B /* ISaveListAsTemplateUseCase.swift */,
			);
			path = List;
			sourceTree = "<group>";
		};
		7BCD9D9926309969001E7354 /* Item */ = {
			isa = PBXGroup;
			children = (
				7BB1BAC725DFFA44007FA08B /* IGetItemUseCase.swift */,
				7BCD9D9A263099C3001E7354 /* IAddItemPriceUseCase.swift */,
				7BD9546126569C1B00ED2EF2 /* ISearchForItemsUseCase.swift */,
				7BFF1EDF265C32310004F766 /* ICreateItemUseCase.swift */,
			);
			path = Item;
			sourceTree = "<group>";
		};
		7BCD9DAE26309E57001E7354 /* Implementations */ = {
			isa = PBXGroup;
			children = (
				7BD9546026569BE600ED2EF2 /* Item */,
				7B820982263100E700003819 /* List */,
			);
			path = Implementations;
			sourceTree = "<group>";
		};
		7BD222CB2645A7B3006938BD /* Presentation */ = {
			isa = PBXGroup;
			children = (
				7BD223052645BB81006938BD /* Components */,
				7BD222EF2645B436006938BD /* Utils */,
				7BD222DF2645B3E0006938BD /* Scenes */,
				7BB1BA1225DFEECC007FA08B /* AppDelegate.swift */,
				7BB1BA1425DFEECC007FA08B /* SceneDelegate.swift */,
				7BB1BA1625DFEECC007FA08B /* ViewController.swift */,
				7BB1BA1E25DFEECF007FA08B /* Assets.xcassets */,
				7BB1BA2025DFEECF007FA08B /* LaunchScreen.storyboard */,
			);
			path = Presentation;
			sourceTree = "<group>";
		};
		7BD222DF2645B3E0006938BD /* Scenes */ = {
			isa = PBXGroup;
			children = (
				7BD222E12645B3FB006938BD /* Home */,
			);
			path = Scenes;
			sourceTree = "<group>";
		};
		7BD222E12645B3FB006938BD /* Home */ = {
			isa = PBXGroup;
			children = (
				7BD222E22645B40D006938BD /* HomeViewController.swift */,
				7BD222EA2645B41B006938BD /* HomeView.swift */,
				7BD223002645B68E006938BD /* HomeViewModel.swift */,
			);
			path = Home;
			sourceTree = "<group>";
		};
		7BD222EF2645B436006938BD /* Utils */ = {
			isa = PBXGroup;
			children = (
				7BD222FA2645B5F2006938BD /* Extension */,
			);
			path = Utils;
			sourceTree = "<group>";
		};
		7BD222FA2645B5F2006938BD /* Extension */ = {
			isa = PBXGroup;
			children = (
				7BD222FB2645B600006938BD /* ViewCode.swift */,
			);
			path = Extension;
			sourceTree = "<group>";
		};
		7BD223052645BB81006938BD /* Components */ = {
			isa = PBXGroup;
			children = (
				7BD223062645BB8D006938BD /* CustomTabBarView.swift */,
			);
			path = Components;
			sourceTree = "<group>";
		};
		7BD9546026569BE600ED2EF2 /* Item */ = {
			isa = PBXGroup;
			children = (
				7BD9546926569C8D00ED2EF2 /* SearchForItemsUseCase.swift */,
				7BFF1EE4265C32F20004F766 /* CreateItemUseCase.swift */,
				7BFF1EF9265C35AC0004F766 /* GetItemUseCase.swift */,
			);
			path = Item;
			sourceTree = "<group>";
		};
		7BD9548E2656AEB900ED2EF2 /* Item */ = {
			isa = PBXGroup;
			children = (
				7BD9548F2656AEC900ED2EF2 /* SearchForItemsUseCaseTest.swift */,
				7BFF1EE9265C33AE0004F766 /* CreateItemUseCaseTest.swift */,
			);
			path = Item;
			sourceTree = "<group>";
		};
		7BE8CE2026457A410090955D /* Data */ = {
			isa = PBXGroup;
			children = (
				7BE8CE2126457A550090955D /* ListRepositoryTests.swift */,
			);
			path = Data;
			sourceTree = "<group>";
		};
		7BE8CE2E26457D410090955D /* Utils */ = {
			isa = PBXGroup;
			children = (
				7BE8CE2F26457D4A0090955D /* TestCoreDataStack.swift */,
			);
			path = Utils;
			sourceTree = "<group>";
		};
		7BE8CE37264581720090955D /* Extensions */ = {
			isa = PBXGroup;
			children = (
				7BE8CE38264581870090955D /* List+CDList.swift */,
				7BE8CE3D264587E80090955D /* Cart+CDCart.swift */,
				7BE8CE482645884B0090955D /* ItemOnList+CDItemOnList.swift */,
				7BD954892656AB8600ED2EF2 /* Item+CDItem.swift */,
			);
			path = Extensions;
			sourceTree = "<group>";
		};
/* End PBXGroup section */

/* Begin PBXNativeTarget section */
		7BB1BA0E25DFEECC007FA08B /* ShoppingList */ = {
			isa = PBXNativeTarget;
			buildConfigurationList = 7BB1BA3C25DFEECF007FA08B /* Build configuration list for PBXNativeTarget "ShoppingList" */;
			buildPhases = (
				3D0F204EC42DF22A105265C1 /* [CP] Check Pods Manifest.lock */,
				7BB1BA0B25DFEECC007FA08B /* Sources */,
				7BB1BA0C25DFEECC007FA08B /* Frameworks */,
				7BB1BA0D25DFEECC007FA08B /* Resources */,
				062B44D93A848BEF4ABDF8A7 /* [CP] Embed Pods Frameworks */,
			);
			buildRules = (
			);
			dependencies = (
			);
			name = ShoppingList;
			productName = ShoppingList;
			productReference = 7BB1BA0F25DFEECC007FA08B /* ShoppingList.app */;
			productType = "com.apple.product-type.application";
		};
		7BB1BA2725DFEECF007FA08B /* ShoppingListTests */ = {
			isa = PBXNativeTarget;
			buildConfigurationList = 7BB1BA3F25DFEECF007FA08B /* Build configuration list for PBXNativeTarget "ShoppingListTests" */;
			buildPhases = (
				DBDEAB75A183F9590C60E400 /* [CP] Check Pods Manifest.lock */,
				7BB1BA2425DFEECF007FA08B /* Sources */,
				7BB1BA2525DFEECF007FA08B /* Frameworks */,
				7BB1BA2625DFEECF007FA08B /* Resources */,
				9B599200E13F943AC07A25C5 /* [CP] Embed Pods Frameworks */,
			);
			buildRules = (
			);
			dependencies = (
				7BB1BA2A25DFEECF007FA08B /* PBXTargetDependency */,
			);
			name = ShoppingListTests;
			productName = ShoppingListTests;
			productReference = 7BB1BA2825DFEECF007FA08B /* ShoppingListTests.xctest */;
			productType = "com.apple.product-type.bundle.unit-test";
		};
		7BB1BA3225DFEECF007FA08B /* ShoppingListUITests */ = {
			isa = PBXNativeTarget;
			buildConfigurationList = 7BB1BA4225DFEECF007FA08B /* Build configuration list for PBXNativeTarget "ShoppingListUITests" */;
			buildPhases = (
				A9C0B8F5A5036C367ECF9013 /* [CP] Check Pods Manifest.lock */,
				7BB1BA2F25DFEECF007FA08B /* Sources */,
				7BB1BA3025DFEECF007FA08B /* Frameworks */,
				7BB1BA3125DFEECF007FA08B /* Resources */,
				C33622149DF02D3DEBCECFD1 /* [CP] Embed Pods Frameworks */,
			);
			buildRules = (
			);
			dependencies = (
				7BB1BA3525DFEECF007FA08B /* PBXTargetDependency */,
			);
			name = ShoppingListUITests;
			productName = ShoppingListUITests;
			productReference = 7BB1BA3325DFEECF007FA08B /* ShoppingListUITests.xctest */;
			productType = "com.apple.product-type.bundle.ui-testing";
		};
/* End PBXNativeTarget section */

/* Begin PBXProject section */
		7BB1BA0725DFEECC007FA08B /* Project object */ = {
			isa = PBXProject;
			attributes = {
				LastSwiftUpdateCheck = 1230;
				LastUpgradeCheck = 1230;
				TargetAttributes = {
					7BB1BA0E25DFEECC007FA08B = {
						CreatedOnToolsVersion = 12.3;
					};
					7BB1BA2725DFEECF007FA08B = {
						CreatedOnToolsVersion = 12.3;
						TestTargetID = 7BB1BA0E25DFEECC007FA08B;
					};
					7BB1BA3225DFEECF007FA08B = {
						CreatedOnToolsVersion = 12.3;
						TestTargetID = 7BB1BA0E25DFEECC007FA08B;
					};
				};
			};
			buildConfigurationList = 7BB1BA0A25DFEECC007FA08B /* Build configuration list for PBXProject "ShoppingList" */;
			compatibilityVersion = "Xcode 9.3";
			developmentRegion = en;
			hasScannedForEncodings = 0;
			knownRegions = (
				en,
				Base,
			);
			mainGroup = 7BB1BA0625DFEECC007FA08B;
			productRefGroup = 7BB1BA1025DFEECC007FA08B /* Products */;
			projectDirPath = "";
			projectRoot = "";
			targets = (
				7BB1BA0E25DFEECC007FA08B /* ShoppingList */,
				7BB1BA2725DFEECF007FA08B /* ShoppingListTests */,
				7BB1BA3225DFEECF007FA08B /* ShoppingListUITests */,
			);
		};
/* End PBXProject section */

/* Begin PBXResourcesBuildPhase section */
		7BB1BA0D25DFEECC007FA08B /* Resources */ = {
			isa = PBXResourcesBuildPhase;
			buildActionMask = 2147483647;
			files = (
				7BB1BA2225DFEECF007FA08B /* LaunchScreen.storyboard in Resources */,
				7BB1BA1F25DFEECF007FA08B /* Assets.xcassets in Resources */,
			);
			runOnlyForDeploymentPostprocessing = 0;
		};
		7BB1BA2625DFEECF007FA08B /* Resources */ = {
			isa = PBXResourcesBuildPhase;
			buildActionMask = 2147483647;
			files = (
			);
			runOnlyForDeploymentPostprocessing = 0;
		};
		7BB1BA3125DFEECF007FA08B /* Resources */ = {
			isa = PBXResourcesBuildPhase;
			buildActionMask = 2147483647;
			files = (
			);
			runOnlyForDeploymentPostprocessing = 0;
		};
/* End PBXResourcesBuildPhase section */

/* Begin PBXShellScriptBuildPhase section */
		062B44D93A848BEF4ABDF8A7 /* [CP] Embed Pods Frameworks */ = {
			isa = PBXShellScriptBuildPhase;
			buildActionMask = 2147483647;
			files = (
			);
			inputFileListPaths = (
				"${PODS_ROOT}/Target Support Files/Pods-ShoppingList/Pods-ShoppingList-frameworks-${CONFIGURATION}-input-files.xcfilelist",
			);
			name = "[CP] Embed Pods Frameworks";
			outputFileListPaths = (
				"${PODS_ROOT}/Target Support Files/Pods-ShoppingList/Pods-ShoppingList-frameworks-${CONFIGURATION}-output-files.xcfilelist",
			);
			runOnlyForDeploymentPostprocessing = 0;
			shellPath = /bin/sh;
			shellScript = "\"${PODS_ROOT}/Target Support Files/Pods-ShoppingList/Pods-ShoppingList-frameworks.sh\"\n";
			showEnvVarsInLog = 0;
		};
		3D0F204EC42DF22A105265C1 /* [CP] Check Pods Manifest.lock */ = {
			isa = PBXShellScriptBuildPhase;
			buildActionMask = 2147483647;
			files = (
			);
			inputFileListPaths = (
			);
			inputPaths = (
				"${PODS_PODFILE_DIR_PATH}/Podfile.lock",
				"${PODS_ROOT}/Manifest.lock",
			);
			name = "[CP] Check Pods Manifest.lock";
			outputFileListPaths = (
			);
			outputPaths = (
				"$(DERIVED_FILE_DIR)/Pods-ShoppingList-checkManifestLockResult.txt",
			);
			runOnlyForDeploymentPostprocessing = 0;
			shellPath = /bin/sh;
			shellScript = "diff \"${PODS_PODFILE_DIR_PATH}/Podfile.lock\" \"${PODS_ROOT}/Manifest.lock\" > /dev/null\nif [ $? != 0 ] ; then\n    # print error to STDERR\n    echo \"error: The sandbox is not in sync with the Podfile.lock. Run 'pod install' or update your CocoaPods installation.\" >&2\n    exit 1\nfi\n# This output is used by Xcode 'outputs' to avoid re-running this script phase.\necho \"SUCCESS\" > \"${SCRIPT_OUTPUT_FILE_0}\"\n";
			showEnvVarsInLog = 0;
		};
		9B599200E13F943AC07A25C5 /* [CP] Embed Pods Frameworks */ = {
			isa = PBXShellScriptBuildPhase;
			buildActionMask = 2147483647;
			files = (
			);
			inputFileListPaths = (
				"${PODS_ROOT}/Target Support Files/Pods-ShoppingListTests/Pods-ShoppingListTests-frameworks-${CONFIGURATION}-input-files.xcfilelist",
			);
			name = "[CP] Embed Pods Frameworks";
			outputFileListPaths = (
				"${PODS_ROOT}/Target Support Files/Pods-ShoppingListTests/Pods-ShoppingListTests-frameworks-${CONFIGURATION}-output-files.xcfilelist",
			);
			runOnlyForDeploymentPostprocessing = 0;
			shellPath = /bin/sh;
			shellScript = "\"${PODS_ROOT}/Target Support Files/Pods-ShoppingListTests/Pods-ShoppingListTests-frameworks.sh\"\n";
			showEnvVarsInLog = 0;
		};
		A9C0B8F5A5036C367ECF9013 /* [CP] Check Pods Manifest.lock */ = {
			isa = PBXShellScriptBuildPhase;
			buildActionMask = 2147483647;
			files = (
			);
			inputFileListPaths = (
			);
			inputPaths = (
				"${PODS_PODFILE_DIR_PATH}/Podfile.lock",
				"${PODS_ROOT}/Manifest.lock",
			);
			name = "[CP] Check Pods Manifest.lock";
			outputFileListPaths = (
			);
			outputPaths = (
				"$(DERIVED_FILE_DIR)/Pods-ShoppingList-ShoppingListUITests-checkManifestLockResult.txt",
			);
			runOnlyForDeploymentPostprocessing = 0;
			shellPath = /bin/sh;
			shellScript = "diff \"${PODS_PODFILE_DIR_PATH}/Podfile.lock\" \"${PODS_ROOT}/Manifest.lock\" > /dev/null\nif [ $? != 0 ] ; then\n    # print error to STDERR\n    echo \"error: The sandbox is not in sync with the Podfile.lock. Run 'pod install' or update your CocoaPods installation.\" >&2\n    exit 1\nfi\n# This output is used by Xcode 'outputs' to avoid re-running this script phase.\necho \"SUCCESS\" > \"${SCRIPT_OUTPUT_FILE_0}\"\n";
			showEnvVarsInLog = 0;
		};
		C33622149DF02D3DEBCECFD1 /* [CP] Embed Pods Frameworks */ = {
			isa = PBXShellScriptBuildPhase;
			buildActionMask = 2147483647;
			files = (
			);
			inputFileListPaths = (
				"${PODS_ROOT}/Target Support Files/Pods-ShoppingList-ShoppingListUITests/Pods-ShoppingList-ShoppingListUITests-frameworks-${CONFIGURATION}-input-files.xcfilelist",
			);
			name = "[CP] Embed Pods Frameworks";
			outputFileListPaths = (
				"${PODS_ROOT}/Target Support Files/Pods-ShoppingList-ShoppingListUITests/Pods-ShoppingList-ShoppingListUITests-frameworks-${CONFIGURATION}-output-files.xcfilelist",
			);
			runOnlyForDeploymentPostprocessing = 0;
			shellPath = /bin/sh;
			shellScript = "\"${PODS_ROOT}/Target Support Files/Pods-ShoppingList-ShoppingListUITests/Pods-ShoppingList-ShoppingListUITests-frameworks.sh\"\n";
			showEnvVarsInLog = 0;
		};
		DBDEAB75A183F9590C60E400 /* [CP] Check Pods Manifest.lock */ = {
			isa = PBXShellScriptBuildPhase;
			buildActionMask = 2147483647;
			files = (
			);
			inputFileListPaths = (
			);
			inputPaths = (
				"${PODS_PODFILE_DIR_PATH}/Podfile.lock",
				"${PODS_ROOT}/Manifest.lock",
			);
			name = "[CP] Check Pods Manifest.lock";
			outputFileListPaths = (
			);
			outputPaths = (
				"$(DERIVED_FILE_DIR)/Pods-ShoppingListTests-checkManifestLockResult.txt",
			);
			runOnlyForDeploymentPostprocessing = 0;
			shellPath = /bin/sh;
			shellScript = "diff \"${PODS_PODFILE_DIR_PATH}/Podfile.lock\" \"${PODS_ROOT}/Manifest.lock\" > /dev/null\nif [ $? != 0 ] ; then\n    # print error to STDERR\n    echo \"error: The sandbox is not in sync with the Podfile.lock. Run 'pod install' or update your CocoaPods installation.\" >&2\n    exit 1\nfi\n# This output is used by Xcode 'outputs' to avoid re-running this script phase.\necho \"SUCCESS\" > \"${SCRIPT_OUTPUT_FILE_0}\"\n";
			showEnvVarsInLog = 0;
		};
/* End PBXShellScriptBuildPhase section */

/* Begin PBXSourcesBuildPhase section */
		7BB1BA0B25DFEECC007FA08B /* Sources */ = {
			isa = PBXSourcesBuildPhase;
			buildActionMask = 2147483647;
			files = (
				7BB1BA1725DFEECC007FA08B /* ViewController.swift in Sources */,
				7BB1BA1D25DFEECC007FA08B /* ShoppingList.xcdatamodeld in Sources */,
				7BD9546A26569C8D00ED2EF2 /* SearchForItemsUseCase.swift in Sources */,
				7BB1BADA25E00153007FA08B /* IAddItemOnCartUseCase.swift in Sources */,
				7BE8CE3E264587E80090955D /* Cart+CDCart.swift in Sources */,
				7BE8CE39264581870090955D /* List+CDList.swift in Sources */,
				7BD9547226569D6100ED2EF2 /* ItemRepository.swift in Sources */,
				7BB1BA1325DFEECC007FA08B /* AppDelegate.swift in Sources */,
				7BCF53962644CD7100794EE2 /* CoreDataStack.swift in Sources */,
				7BD9548226569EDF00ED2EF2 /* IItemRepository.swift in Sources */,
				7BB1BAC825DFFA44007FA08B /* IGetItemUseCase.swift in Sources */,
				7BB1BA6525DFF356007FA08B /* ICreateListUseCase.swift in Sources */,
				7BB1BAAB25DFF7E3007FA08B /* IRemoveItemfromListUseCase.swift in Sources */,
				7B915C1026583FA40016BEAB /* ItemOnListRepository.swift in Sources */,
				7BCD9DA626309CCB001E7354 /* Cart.swift in Sources */,
				7BCD9D872630966C001E7354 /* ItemPrice.swift in Sources */,
				7BB1BA5C25DFF08D007FA08B /* ItemOnList.swift in Sources */,
				7BE140BE264036C900967853 /* ListRepository.swift in Sources */,
				7BD222EB2645B41B006938BD /* HomeView.swift in Sources */,
				7BB1BA4D25DFEF2B007FA08B /* List.swift in Sources */,
				7BD9546226569C1B00ED2EF2 /* ISearchForItemsUseCase.swift in Sources */,
				7BB1BAB325DFF84A007FA08B /* IEditItemOnListUseCase.swift in Sources */,
				7B915C0826583EFB0016BEAB /* EditItemOnListUseCase.swift in Sources */,
				7BCD9D8C263096AC001E7354 /* Location.swift in Sources */,
				7BB1BAC325DFF9BD007FA08B /* IGetListUseCase.swift in Sources */,
				7BE150B62630B90C0015693C /* Fetchable.swift in Sources */,
				7BD223072645BB8D006938BD /* CustomTabBarView.swift in Sources */,
				7B794AEF2632286A009BA004 /* CreateListUseCase.swift in Sources */,
				7B915BEE265835600016BEAB /* DeleteListUseCase.swift in Sources */,
				7BD223012645B68E006938BD /* HomeViewModel.swift in Sources */,
				7BD222E32645B40D006938BD /* HomeViewController.swift in Sources */,
				7BB1BA5225DFEF81007FA08B /* Item.swift in Sources */,
				7BB1BAEA25E0024F007FA08B /* IEditItemOnCartUseCase.swift in Sources */,
				7BFF1EFA265C35AC0004F766 /* GetItemUseCase.swift in Sources */,
				7B8209892631061F00003819 /* AddItemOnCartUseCase.swift in Sources */,
				7BB1BAA625DFF6AB007FA08B /* IAddItemOnListUseCase.swift in Sources */,
				7BCD9DBE2630AC35001E7354 /* ICRUDRepository.swift in Sources */,
				7BFF1EE0265C32310004F766 /* ICreateItemUseCase.swift in Sources */,
				7BB1BAEF25E0028C007FA08B /* ICheckoutUseCase.swift in Sources */,
				7BCD9D9B263099C3001E7354 /* IAddItemPriceUseCase.swift in Sources */,
				7B9807BB2657FF5400D5E74C /* AddItemOnListUseCase.swift in Sources */,
				7BD222FC2645B600006938BD /* ViewCode.swift in Sources */,
				7BB1BAD025E00070007FA08B /* ISaveListAsTemplateUseCase.swift in Sources */,
				7BB1BABE25DFF929007FA08B /* IDeleteListUseCase.swift in Sources */,
				7BB1BADF25E0019F007FA08B /* IRemoveItemFromCartUseCase.swift in Sources */,
				7BB1BA1525DFEECC007FA08B /* SceneDelegate.swift in Sources */,
				7BD9548A2656AB8600ED2EF2 /* Item+CDItem.swift in Sources */,
				7BFF1EE5265C32F20004F766 /* CreateItemUseCase.swift in Sources */,
				7B82098E26310A7300003819 /* RemoveItemFromCartUseCase.swift in Sources */,
				7BE8CE492645884B0090955D /* ItemOnList+CDItemOnList.swift in Sources */,
				7BCD9D9226309931001E7354 /* IEditListNameUseCase.swift in Sources */,
			);
			runOnlyForDeploymentPostprocessing = 0;
		};
		7BB1BA2425DFEECF007FA08B /* Sources */ = {
			isa = PBXSourcesBuildPhase;
			buildActionMask = 2147483647;
			files = (
				7BB1BA2D25DFEECF007FA08B /* ShoppingListTests.swift in Sources */,
				7BE8CE3026457D4A0090955D /* TestCoreDataStack.swift in Sources */,
				7BD954902656AEC900ED2EF2 /* SearchForItemsUseCaseTest.swift in Sources */,
				7BFF1EEA265C33AE0004F766 /* CreateItemUseCaseTest.swift in Sources */,
				7B00C5AA26435AE90000ABC2 /* ListTests.swift in Sources */,
				7B915C23265845A40016BEAB /* MockListRepository.swift in Sources */,
				7B915BFB265837F60016BEAB /* DeleteListUseCaseTest.swift in Sources */,
				7B00C5A12643511F0000ABC2 /* RemoveItemFromCartUseCaseTest.swift in Sources */,
				7B507D67263313DB000EE3B2 /* CreateListUseCaseTest.swift in Sources */,
				7BD95447265693DE00ED2EF2 /* AddItemOnCartUseCaseTest.swift in Sources */,
				7B77DD36265C2628000A4A76 /* MockItemRepository.swift in Sources */,
				7B915BDB2658074E0016BEAB /* AddItemOnListUseCaseTest.swift in Sources */,
				7B77DD3B265C29D9000A4A76 /* MockItemOnListRepository.swift in Sources */,
				7B915C1D265845570016BEAB /* EditItemOnListUseCaseTest.swift in Sources */,
				7BE8CE2226457A550090955D /* ListRepositoryTests.swift in Sources */,
			);
			runOnlyForDeploymentPostprocessing = 0;
		};
		7BB1BA2F25DFEECF007FA08B /* Sources */ = {
			isa = PBXSourcesBuildPhase;
			buildActionMask = 2147483647;
			files = (
				7BB1BA3825DFEECF007FA08B /* ShoppingListUITests.swift in Sources */,
			);
			runOnlyForDeploymentPostprocessing = 0;
		};
/* End PBXSourcesBuildPhase section */

/* Begin PBXTargetDependency section */
		7BB1BA2A25DFEECF007FA08B /* PBXTargetDependency */ = {
			isa = PBXTargetDependency;
			target = 7BB1BA0E25DFEECC007FA08B /* ShoppingList */;
			targetProxy = 7BB1BA2925DFEECF007FA08B /* PBXContainerItemProxy */;
		};
		7BB1BA3525DFEECF007FA08B /* PBXTargetDependency */ = {
			isa = PBXTargetDependency;
			target = 7BB1BA0E25DFEECC007FA08B /* ShoppingList */;
			targetProxy = 7BB1BA3425DFEECF007FA08B /* PBXContainerItemProxy */;
		};
/* End PBXTargetDependency section */

/* Begin PBXVariantGroup section */
		7BB1BA2025DFEECF007FA08B /* LaunchScreen.storyboard */ = {
			isa = PBXVariantGroup;
			children = (
				7BB1BA2125DFEECF007FA08B /* Base */,
			);
			name = LaunchScreen.storyboard;
			sourceTree = "<group>";
		};
/* End PBXVariantGroup section */

/* Begin XCBuildConfiguration section */
		7BB1BA3A25DFEECF007FA08B /* Debug */ = {
			isa = XCBuildConfiguration;
			buildSettings = {
				ALWAYS_SEARCH_USER_PATHS = NO;
				CLANG_ANALYZER_NONNULL = YES;
				CLANG_ANALYZER_NUMBER_OBJECT_CONVERSION = YES_AGGRESSIVE;
				CLANG_CXX_LANGUAGE_STANDARD = "gnu++14";
				CLANG_CXX_LIBRARY = "libc++";
				CLANG_ENABLE_MODULES = YES;
				CLANG_ENABLE_OBJC_ARC = YES;
				CLANG_ENABLE_OBJC_WEAK = YES;
				CLANG_WARN_BLOCK_CAPTURE_AUTORELEASING = YES;
				CLANG_WARN_BOOL_CONVERSION = YES;
				CLANG_WARN_COMMA = YES;
				CLANG_WARN_CONSTANT_CONVERSION = YES;
				CLANG_WARN_DEPRECATED_OBJC_IMPLEMENTATIONS = YES;
				CLANG_WARN_DIRECT_OBJC_ISA_USAGE = YES_ERROR;
				CLANG_WARN_DOCUMENTATION_COMMENTS = YES;
				CLANG_WARN_EMPTY_BODY = YES;
				CLANG_WARN_ENUM_CONVERSION = YES;
				CLANG_WARN_INFINITE_RECURSION = YES;
				CLANG_WARN_INT_CONVERSION = YES;
				CLANG_WARN_NON_LITERAL_NULL_CONVERSION = YES;
				CLANG_WARN_OBJC_IMPLICIT_RETAIN_SELF = YES;
				CLANG_WARN_OBJC_LITERAL_CONVERSION = YES;
				CLANG_WARN_OBJC_ROOT_CLASS = YES_ERROR;
				CLANG_WARN_QUOTED_INCLUDE_IN_FRAMEWORK_HEADER = YES;
				CLANG_WARN_RANGE_LOOP_ANALYSIS = YES;
				CLANG_WARN_STRICT_PROTOTYPES = YES;
				CLANG_WARN_SUSPICIOUS_MOVE = YES;
				CLANG_WARN_UNGUARDED_AVAILABILITY = YES_AGGRESSIVE;
				CLANG_WARN_UNREACHABLE_CODE = YES;
				CLANG_WARN__DUPLICATE_METHOD_MATCH = YES;
				COPY_PHASE_STRIP = NO;
				DEBUG_INFORMATION_FORMAT = dwarf;
				ENABLE_STRICT_OBJC_MSGSEND = YES;
				ENABLE_TESTABILITY = YES;
				GCC_C_LANGUAGE_STANDARD = gnu11;
				GCC_DYNAMIC_NO_PIC = NO;
				GCC_NO_COMMON_BLOCKS = YES;
				GCC_OPTIMIZATION_LEVEL = 0;
				GCC_PREPROCESSOR_DEFINITIONS = (
					"DEBUG=1",
					"$(inherited)",
				);
				GCC_WARN_64_TO_32_BIT_CONVERSION = YES;
				GCC_WARN_ABOUT_RETURN_TYPE = YES_ERROR;
				GCC_WARN_UNDECLARED_SELECTOR = YES;
				GCC_WARN_UNINITIALIZED_AUTOS = YES_AGGRESSIVE;
				GCC_WARN_UNUSED_FUNCTION = YES;
				GCC_WARN_UNUSED_VARIABLE = YES;
				IPHONEOS_DEPLOYMENT_TARGET = 14.3;
				MTL_ENABLE_DEBUG_INFO = INCLUDE_SOURCE;
				MTL_FAST_MATH = YES;
				ONLY_ACTIVE_ARCH = YES;
				SDKROOT = iphoneos;
				SWIFT_ACTIVE_COMPILATION_CONDITIONS = DEBUG;
				SWIFT_OPTIMIZATION_LEVEL = "-Onone";
				SWIFT_VERSION = 5.0;
			};
			name = Debug;
		};
		7BB1BA3B25DFEECF007FA08B /* Release */ = {
			isa = XCBuildConfiguration;
			buildSettings = {
				ALWAYS_SEARCH_USER_PATHS = NO;
				CLANG_ANALYZER_NONNULL = YES;
				CLANG_ANALYZER_NUMBER_OBJECT_CONVERSION = YES_AGGRESSIVE;
				CLANG_CXX_LANGUAGE_STANDARD = "gnu++14";
				CLANG_CXX_LIBRARY = "libc++";
				CLANG_ENABLE_MODULES = YES;
				CLANG_ENABLE_OBJC_ARC = YES;
				CLANG_ENABLE_OBJC_WEAK = YES;
				CLANG_WARN_BLOCK_CAPTURE_AUTORELEASING = YES;
				CLANG_WARN_BOOL_CONVERSION = YES;
				CLANG_WARN_COMMA = YES;
				CLANG_WARN_CONSTANT_CONVERSION = YES;
				CLANG_WARN_DEPRECATED_OBJC_IMPLEMENTATIONS = YES;
				CLANG_WARN_DIRECT_OBJC_ISA_USAGE = YES_ERROR;
				CLANG_WARN_DOCUMENTATION_COMMENTS = YES;
				CLANG_WARN_EMPTY_BODY = YES;
				CLANG_WARN_ENUM_CONVERSION = YES;
				CLANG_WARN_INFINITE_RECURSION = YES;
				CLANG_WARN_INT_CONVERSION = YES;
				CLANG_WARN_NON_LITERAL_NULL_CONVERSION = YES;
				CLANG_WARN_OBJC_IMPLICIT_RETAIN_SELF = YES;
				CLANG_WARN_OBJC_LITERAL_CONVERSION = YES;
				CLANG_WARN_OBJC_ROOT_CLASS = YES_ERROR;
				CLANG_WARN_QUOTED_INCLUDE_IN_FRAMEWORK_HEADER = YES;
				CLANG_WARN_RANGE_LOOP_ANALYSIS = YES;
				CLANG_WARN_STRICT_PROTOTYPES = YES;
				CLANG_WARN_SUSPICIOUS_MOVE = YES;
				CLANG_WARN_UNGUARDED_AVAILABILITY = YES_AGGRESSIVE;
				CLANG_WARN_UNREACHABLE_CODE = YES;
				CLANG_WARN__DUPLICATE_METHOD_MATCH = YES;
				COPY_PHASE_STRIP = NO;
				DEBUG_INFORMATION_FORMAT = "dwarf-with-dsym";
				ENABLE_NS_ASSERTIONS = NO;
				ENABLE_STRICT_OBJC_MSGSEND = YES;
				GCC_C_LANGUAGE_STANDARD = gnu11;
				GCC_NO_COMMON_BLOCKS = YES;
				GCC_WARN_64_TO_32_BIT_CONVERSION = YES;
				GCC_WARN_ABOUT_RETURN_TYPE = YES_ERROR;
				GCC_WARN_UNDECLARED_SELECTOR = YES;
				GCC_WARN_UNINITIALIZED_AUTOS = YES_AGGRESSIVE;
				GCC_WARN_UNUSED_FUNCTION = YES;
				GCC_WARN_UNUSED_VARIABLE = YES;
				IPHONEOS_DEPLOYMENT_TARGET = 14.3;
				MTL_ENABLE_DEBUG_INFO = NO;
				MTL_FAST_MATH = YES;
				SDKROOT = iphoneos;
				SWIFT_COMPILATION_MODE = wholemodule;
				SWIFT_OPTIMIZATION_LEVEL = "-O";
				SWIFT_VERSION = 5.0;
				VALIDATE_PRODUCT = YES;
			};
			name = Release;
		};
		7BB1BA3D25DFEECF007FA08B /* Debug */ = {
			isa = XCBuildConfiguration;
			baseConfigurationReference = A910C95D43058E318071EAC4 /* Pods-ShoppingList.debug.xcconfig */;
			buildSettings = {
				ASSETCATALOG_COMPILER_APPICON_NAME = AppIcon;
				ASSETCATALOG_COMPILER_GLOBAL_ACCENT_COLOR_NAME = AccentColor;
				CODE_SIGN_STYLE = Automatic;
				DEVELOPMENT_TEAM = VA7DWMQ39T;
				INFOPLIST_FILE = ShoppingList/Info.plist;
				LD_RUNPATH_SEARCH_PATHS = (
					"$(inherited)",
					"@executable_path/Frameworks",
				);
				PRODUCT_BUNDLE_IDENTIFIER = com.paulocardosob.ShoppingList;
				PRODUCT_NAME = "$(TARGET_NAME)";
				SWIFT_VERSION = 5.0;
				TARGETED_DEVICE_FAMILY = "1,2";
			};
			name = Debug;
		};
		7BB1BA3E25DFEECF007FA08B /* Release */ = {
			isa = XCBuildConfiguration;
			baseConfigurationReference = 2D83C78E6C6D8C5A4AA08DD8 /* Pods-ShoppingList.release.xcconfig */;
			buildSettings = {
				ASSETCATALOG_COMPILER_APPICON_NAME = AppIcon;
				ASSETCATALOG_COMPILER_GLOBAL_ACCENT_COLOR_NAME = AccentColor;
				CODE_SIGN_STYLE = Automatic;
				DEVELOPMENT_TEAM = VA7DWMQ39T;
				INFOPLIST_FILE = ShoppingList/Info.plist;
				LD_RUNPATH_SEARCH_PATHS = (
					"$(inherited)",
					"@executable_path/Frameworks",
				);
				PRODUCT_BUNDLE_IDENTIFIER = com.paulocardosob.ShoppingList;
				PRODUCT_NAME = "$(TARGET_NAME)";
				SWIFT_VERSION = 5.0;
				TARGETED_DEVICE_FAMILY = "1,2";
			};
			name = Release;
		};
		7BB1BA4025DFEECF007FA08B /* Debug */ = {
			isa = XCBuildConfiguration;
			baseConfigurationReference = D4A4BB5335ABACC14B9BA77A /* Pods-ShoppingListTests.debug.xcconfig */;
			buildSettings = {
				ALWAYS_EMBED_SWIFT_STANDARD_LIBRARIES = YES;
				BUNDLE_LOADER = "$(TEST_HOST)";
				CODE_SIGN_STYLE = Automatic;
				DEVELOPMENT_TEAM = VA7DWMQ39T;
				INFOPLIST_FILE = ShoppingListTests/Info.plist;
				IPHONEOS_DEPLOYMENT_TARGET = 14.3;
				LD_RUNPATH_SEARCH_PATHS = (
					"$(inherited)",
					"@executable_path/Frameworks",
					"@loader_path/Frameworks",
				);
				PRODUCT_BUNDLE_IDENTIFIER = com.paulocardosob.ShoppingListTests;
				PRODUCT_NAME = "$(TARGET_NAME)";
				SWIFT_VERSION = 5.0;
				TARGETED_DEVICE_FAMILY = "1,2";
				TEST_HOST = "$(BUILT_PRODUCTS_DIR)/ShoppingList.app/ShoppingList";
			};
			name = Debug;
		};
		7BB1BA4125DFEECF007FA08B /* Release */ = {
			isa = XCBuildConfiguration;
			baseConfigurationReference = E04F766D0F51AB74C937CD8F /* Pods-ShoppingListTests.release.xcconfig */;
			buildSettings = {
				ALWAYS_EMBED_SWIFT_STANDARD_LIBRARIES = YES;
				BUNDLE_LOADER = "$(TEST_HOST)";
				CODE_SIGN_STYLE = Automatic;
				DEVELOPMENT_TEAM = VA7DWMQ39T;
				INFOPLIST_FILE = ShoppingListTests/Info.plist;
				IPHONEOS_DEPLOYMENT_TARGET = 14.3;
				LD_RUNPATH_SEARCH_PATHS = (
					"$(inherited)",
					"@executable_path/Frameworks",
					"@loader_path/Frameworks",
				);
				PRODUCT_BUNDLE_IDENTIFIER = com.paulocardosob.ShoppingListTests;
				PRODUCT_NAME = "$(TARGET_NAME)";
				SWIFT_VERSION = 5.0;
				TARGETED_DEVICE_FAMILY = "1,2";
				TEST_HOST = "$(BUILT_PRODUCTS_DIR)/ShoppingList.app/ShoppingList";
			};
			name = Release;
		};
		7BB1BA4325DFEECF007FA08B /* Debug */ = {
			isa = XCBuildConfiguration;
			baseConfigurationReference = 5E9F87679C95DEC06335922B /* Pods-ShoppingList-ShoppingListUITests.debug.xcconfig */;
			buildSettings = {
				ALWAYS_EMBED_SWIFT_STANDARD_LIBRARIES = YES;
				CODE_SIGN_STYLE = Automatic;
				DEVELOPMENT_TEAM = VA7DWMQ39T;
				INFOPLIST_FILE = ShoppingListUITests/Info.plist;
				LD_RUNPATH_SEARCH_PATHS = (
					"$(inherited)",
					"@executable_path/Frameworks",
					"@loader_path/Frameworks",
				);
				PRODUCT_BUNDLE_IDENTIFIER = com.paulocardosob.ShoppingListUITests;
				PRODUCT_NAME = "$(TARGET_NAME)";
				SWIFT_VERSION = 5.0;
				TARGETED_DEVICE_FAMILY = "1,2";
				TEST_TARGET_NAME = ShoppingList;
			};
			name = Debug;
		};
		7BB1BA4425DFEECF007FA08B /* Release */ = {
			isa = XCBuildConfiguration;
			baseConfigurationReference = D301866C7E8F78BA0D60C2AE /* Pods-ShoppingList-ShoppingListUITests.release.xcconfig */;
			buildSettings = {
				ALWAYS_EMBED_SWIFT_STANDARD_LIBRARIES = YES;
				CODE_SIGN_STYLE = Automatic;
				DEVELOPMENT_TEAM = VA7DWMQ39T;
				INFOPLIST_FILE = ShoppingListUITests/Info.plist;
				LD_RUNPATH_SEARCH_PATHS = (
					"$(inherited)",
					"@executable_path/Frameworks",
					"@loader_path/Frameworks",
				);
				PRODUCT_BUNDLE_IDENTIFIER = com.paulocardosob.ShoppingListUITests;
				PRODUCT_NAME = "$(TARGET_NAME)";
				SWIFT_VERSION = 5.0;
				TARGETED_DEVICE_FAMILY = "1,2";
				TEST_TARGET_NAME = ShoppingList;
			};
			name = Release;
		};
/* End XCBuildConfiguration section */

/* Begin XCConfigurationList section */
		7BB1BA0A25DFEECC007FA08B /* Build configuration list for PBXProject "ShoppingList" */ = {
			isa = XCConfigurationList;
			buildConfigurations = (
				7BB1BA3A25DFEECF007FA08B /* Debug */,
				7BB1BA3B25DFEECF007FA08B /* Release */,
			);
			defaultConfigurationIsVisible = 0;
			defaultConfigurationName = Release;
		};
		7BB1BA3C25DFEECF007FA08B /* Build configuration list for PBXNativeTarget "ShoppingList" */ = {
			isa = XCConfigurationList;
			buildConfigurations = (
				7BB1BA3D25DFEECF007FA08B /* Debug */,
				7BB1BA3E25DFEECF007FA08B /* Release */,
			);
			defaultConfigurationIsVisible = 0;
			defaultConfigurationName = Release;
		};
		7BB1BA3F25DFEECF007FA08B /* Build configuration list for PBXNativeTarget "ShoppingListTests" */ = {
			isa = XCConfigurationList;
			buildConfigurations = (
				7BB1BA4025DFEECF007FA08B /* Debug */,
				7BB1BA4125DFEECF007FA08B /* Release */,
			);
			defaultConfigurationIsVisible = 0;
			defaultConfigurationName = Release;
		};
		7BB1BA4225DFEECF007FA08B /* Build configuration list for PBXNativeTarget "ShoppingListUITests" */ = {
			isa = XCConfigurationList;
			buildConfigurations = (
				7BB1BA4325DFEECF007FA08B /* Debug */,
				7BB1BA4425DFEECF007FA08B /* Release */,
			);
			defaultConfigurationIsVisible = 0;
			defaultConfigurationName = Release;
		};
/* End XCConfigurationList section */

/* Begin XCVersionGroup section */
		7BB1BA1B25DFEECC007FA08B /* ShoppingList.xcdatamodeld */ = {
			isa = XCVersionGroup;
			children = (
				7BB1BA1C25DFEECC007FA08B /* ShoppingList.xcdatamodel */,
			);
			currentVersion = 7BB1BA1C25DFEECC007FA08B /* ShoppingList.xcdatamodel */;
			path = ShoppingList.xcdatamodeld;
			sourceTree = "<group>";
			versionGroupType = wrapper.xcdatamodel;
		};
/* End XCVersionGroup section */
	};
	rootObject = 7BB1BA0725DFEECC007FA08B /* Project object */;
}
