// !$*UTF8*$!
{
	archiveVersion = 1;
	classes = {
	};
	objectVersion = 50;
	objects = {

/* Begin PBXBuildFile section */
		7BB1BA1325DFEECC007FA08B /* AppDelegate.swift in Sources */ = {isa = PBXBuildFile; fileRef = 7BB1BA1225DFEECC007FA08B /* AppDelegate.swift */; };
		7BB1BA1525DFEECC007FA08B /* SceneDelegate.swift in Sources */ = {isa = PBXBuildFile; fileRef = 7BB1BA1425DFEECC007FA08B /* SceneDelegate.swift */; };
		7BB1BA1725DFEECC007FA08B /* ViewController.swift in Sources */ = {isa = PBXBuildFile; fileRef = 7BB1BA1625DFEECC007FA08B /* ViewController.swift */; };
		7BB1BA1A25DFEECC007FA08B /* Main.storyboard in Resources */ = {isa = PBXBuildFile; fileRef = 7BB1BA1825DFEECC007FA08B /* Main.storyboard */; };
		7BB1BA1D25DFEECC007FA08B /* ShoppingList.xcdatamodeld in Sources */ = {isa = PBXBuildFile; fileRef = 7BB1BA1B25DFEECC007FA08B /* ShoppingList.xcdatamodeld */; };
		7BB1BA1F25DFEECF007FA08B /* Assets.xcassets in Resources */ = {isa = PBXBuildFile; fileRef = 7BB1BA1E25DFEECF007FA08B /* Assets.xcassets */; };
		7BB1BA2225DFEECF007FA08B /* LaunchScreen.storyboard in Resources */ = {isa = PBXBuildFile; fileRef = 7BB1BA2025DFEECF007FA08B /* LaunchScreen.storyboard */; };
		7BB1BA2D25DFEECF007FA08B /* ShoppingListTests.swift in Sources */ = {isa = PBXBuildFile; fileRef = 7BB1BA2C25DFEECF007FA08B /* ShoppingListTests.swift */; };
		7BB1BA3825DFEECF007FA08B /* ShoppingListUITests.swift in Sources */ = {isa = PBXBuildFile; fileRef = 7BB1BA3725DFEECF007FA08B /* ShoppingListUITests.swift */; };
		7BB1BA4D25DFEF2B007FA08B /* List.swift in Sources */ = {isa = PBXBuildFile; fileRef = 7BB1BA4C25DFEF2B007FA08B /* List.swift */; };
		7BB1BA5225DFEF81007FA08B /* Item.swift in Sources */ = {isa = PBXBuildFile; fileRef = 7BB1BA5125DFEF81007FA08B /* Item.swift */; };
		7BB1BA5C25DFF08D007FA08B /* ItemOnList.swift in Sources */ = {isa = PBXBuildFile; fileRef = 7BB1BA5B25DFF08D007FA08B /* ItemOnList.swift */; };
		7BB1BA6525DFF356007FA08B /* ICreateListUseCase.swift in Sources */ = {isa = PBXBuildFile; fileRef = 7BB1BA6425DFF356007FA08B /* ICreateListUseCase.swift */; };
		7BB1BAA625DFF6AB007FA08B /* IAddItemOnListUseCase.swift in Sources */ = {isa = PBXBuildFile; fileRef = 7BB1BAA525DFF6AB007FA08B /* IAddItemOnListUseCase.swift */; };
		7BB1BAAB25DFF7E3007FA08B /* IRemoveItemfromListUseCase.swift in Sources */ = {isa = PBXBuildFile; fileRef = 7BB1BAAA25DFF7E3007FA08B /* IRemoveItemfromListUseCase.swift */; };
		7BB1BAB325DFF84A007FA08B /* IEditItemOnListUseCase.swift in Sources */ = {isa = PBXBuildFile; fileRef = 7BB1BAB225DFF84A007FA08B /* IEditItemOnListUseCase.swift */; };
		7BB1BABE25DFF929007FA08B /* IDeleteListUseCase.swift in Sources */ = {isa = PBXBuildFile; fileRef = 7BB1BABD25DFF929007FA08B /* IDeleteListUseCase.swift */; };
		7BB1BAC325DFF9BD007FA08B /* IGetListUseCase.swift in Sources */ = {isa = PBXBuildFile; fileRef = 7BB1BAC225DFF9BD007FA08B /* IGetListUseCase.swift */; };
		7BB1BAC825DFFA44007FA08B /* IGetItemUseCase.swift in Sources */ = {isa = PBXBuildFile; fileRef = 7BB1BAC725DFFA44007FA08B /* IGetItemUseCase.swift */; };
		7BB1BAD025E00070007FA08B /* ISaveListAsTemplateUseCase.swift in Sources */ = {isa = PBXBuildFile; fileRef = 7BB1BACF25E00070007FA08B /* ISaveListAsTemplateUseCase.swift */; };
		7BB1BADA25E00153007FA08B /* IAddItemOnCartUseCase.swift in Sources */ = {isa = PBXBuildFile; fileRef = 7BB1BAD925E00153007FA08B /* IAddItemOnCartUseCase.swift */; };
		7BB1BADF25E0019F007FA08B /* IRemoveItemFromCartUseCase.swift in Sources */ = {isa = PBXBuildFile; fileRef = 7BB1BADE25E0019F007FA08B /* IRemoveItemFromCartUseCase.swift */; };
		7BB1BAEA25E0024F007FA08B /* IEditItemOnCartUseCase.swift in Sources */ = {isa = PBXBuildFile; fileRef = 7BB1BAE925E0024F007FA08B /* IEditItemOnCartUseCase.swift */; };
		7BB1BAEF25E0028C007FA08B /* ICheckoutUseCase.swift in Sources */ = {isa = PBXBuildFile; fileRef = 7BB1BAEE25E0028C007FA08B /* ICheckoutUseCase.swift */; };
		7BCD9D872630966C001E7354 /* ItemPrice.swift in Sources */ = {isa = PBXBuildFile; fileRef = 7BCD9D862630966C001E7354 /* ItemPrice.swift */; };
		7BCD9D8C263096AC001E7354 /* Location.swift in Sources */ = {isa = PBXBuildFile; fileRef = 7BCD9D8B263096AC001E7354 /* Location.swift */; };
		7BCD9D9226309931001E7354 /* IEditListNameUseCase.swift in Sources */ = {isa = PBXBuildFile; fileRef = 7BCD9D9126309931001E7354 /* IEditListNameUseCase.swift */; };
		7BCD9D9B263099C3001E7354 /* IAddItemPriceUseCase.swift in Sources */ = {isa = PBXBuildFile; fileRef = 7BCD9D9A263099C3001E7354 /* IAddItemPriceUseCase.swift */; };
		7BCD9DA626309CCB001E7354 /* Cart.swift in Sources */ = {isa = PBXBuildFile; fileRef = 7BCD9DA526309CCB001E7354 /* Cart.swift */; };
		7BCD9DB026309E69001E7354 /* GetItemUseCase.swift in Sources */ = {isa = PBXBuildFile; fileRef = 7BCD9DAF26309E69001E7354 /* GetItemUseCase.swift */; };
		7BCD9DB62630AA97001E7354 /* AddItemPriceUseCase.swift in Sources */ = {isa = PBXBuildFile; fileRef = 7BCD9DB52630AA97001E7354 /* AddItemPriceUseCase.swift */; };
		7BCD9DBE2630AC35001E7354 /* ICRUDRepository.swift in Sources */ = {isa = PBXBuildFile; fileRef = 7BCD9DBD2630AC35001E7354 /* ICRUDRepository.swift */; };
		7BCD9DCC2630B440001E7354 /* ICRUDTemplateUseCase.swift in Sources */ = {isa = PBXBuildFile; fileRef = 7BCD9DCB2630B440001E7354 /* ICRUDTemplateUseCase.swift */; };
		7BE150B62630B90C0015693C /* Fetchable.swift in Sources */ = {isa = PBXBuildFile; fileRef = 7BE150B52630B90C0015693C /* Fetchable.swift */; };
/* End PBXBuildFile section */

/* Begin PBXContainerItemProxy section */
		7BB1BA2925DFEECF007FA08B /* PBXContainerItemProxy */ = {
			isa = PBXContainerItemProxy;
			containerPortal = 7BB1BA0725DFEECC007FA08B /* Project object */;
			proxyType = 1;
			remoteGlobalIDString = 7BB1BA0E25DFEECC007FA08B;
			remoteInfo = ShoppingList;
		};
		7BB1BA3425DFEECF007FA08B /* PBXContainerItemProxy */ = {
			isa = PBXContainerItemProxy;
			containerPortal = 7BB1BA0725DFEECC007FA08B /* Project object */;
			proxyType = 1;
			remoteGlobalIDString = 7BB1BA0E25DFEECC007FA08B;
			remoteInfo = ShoppingList;
		};
/* End PBXContainerItemProxy section */

/* Begin PBXFileReference section */
		7BB1BA0F25DFEECC007FA08B /* ShoppingList.app */ = {isa = PBXFileReference; explicitFileType = wrapper.application; includeInIndex = 0; path = ShoppingList.app; sourceTree = BUILT_PRODUCTS_DIR; };
		7BB1BA1225DFEECC007FA08B /* AppDelegate.swift */ = {isa = PBXFileReference; lastKnownFileType = sourcecode.swift; path = AppDelegate.swift; sourceTree = "<group>"; };
		7BB1BA1425DFEECC007FA08B /* SceneDelegate.swift */ = {isa = PBXFileReference; lastKnownFileType = sourcecode.swift; path = SceneDelegate.swift; sourceTree = "<group>"; };
		7BB1BA1625DFEECC007FA08B /* ViewController.swift */ = {isa = PBXFileReference; lastKnownFileType = sourcecode.swift; path = ViewController.swift; sourceTree = "<group>"; };
		7BB1BA1925DFEECC007FA08B /* Base */ = {isa = PBXFileReference; lastKnownFileType = file.storyboard; name = Base; path = Base.lproj/Main.storyboard; sourceTree = "<group>"; };
		7BB1BA1C25DFEECC007FA08B /* ShoppingList.xcdatamodel */ = {isa = PBXFileReference; lastKnownFileType = wrapper.xcdatamodel; path = ShoppingList.xcdatamodel; sourceTree = "<group>"; };
		7BB1BA1E25DFEECF007FA08B /* Assets.xcassets */ = {isa = PBXFileReference; lastKnownFileType = folder.assetcatalog; path = Assets.xcassets; sourceTree = "<group>"; };
		7BB1BA2125DFEECF007FA08B /* Base */ = {isa = PBXFileReference; lastKnownFileType = file.storyboard; name = Base; path = Base.lproj/LaunchScreen.storyboard; sourceTree = "<group>"; };
		7BB1BA2325DFEECF007FA08B /* Info.plist */ = {isa = PBXFileReference; lastKnownFileType = text.plist.xml; path = Info.plist; sourceTree = "<group>"; };
		7BB1BA2825DFEECF007FA08B /* ShoppingListTests.xctest */ = {isa = PBXFileReference; explicitFileType = wrapper.cfbundle; includeInIndex = 0; path = ShoppingListTests.xctest; sourceTree = BUILT_PRODUCTS_DIR; };
		7BB1BA2C25DFEECF007FA08B /* ShoppingListTests.swift */ = {isa = PBXFileReference; lastKnownFileType = sourcecode.swift; path = ShoppingListTests.swift; sourceTree = "<group>"; };
		7BB1BA2E25DFEECF007FA08B /* Info.plist */ = {isa = PBXFileReference; lastKnownFileType = text.plist.xml; path = Info.plist; sourceTree = "<group>"; };
		7BB1BA3325DFEECF007FA08B /* ShoppingListUITests.xctest */ = {isa = PBXFileReference; explicitFileType = wrapper.cfbundle; includeInIndex = 0; path = ShoppingListUITests.xctest; sourceTree = BUILT_PRODUCTS_DIR; };
		7BB1BA3725DFEECF007FA08B /* ShoppingListUITests.swift */ = {isa = PBXFileReference; lastKnownFileType = sourcecode.swift; path = ShoppingListUITests.swift; sourceTree = "<group>"; };
		7BB1BA3925DFEECF007FA08B /* Info.plist */ = {isa = PBXFileReference; lastKnownFileType = text.plist.xml; path = Info.plist; sourceTree = "<group>"; };
		7BB1BA4C25DFEF2B007FA08B /* List.swift */ = {isa = PBXFileReference; lastKnownFileType = sourcecode.swift; path = List.swift; sourceTree = "<group>"; };
		7BB1BA5125DFEF81007FA08B /* Item.swift */ = {isa = PBXFileReference; lastKnownFileType = sourcecode.swift; path = Item.swift; sourceTree = "<group>"; };
		7BB1BA5B25DFF08D007FA08B /* ItemOnList.swift */ = {isa = PBXFileReference; lastKnownFileType = sourcecode.swift; path = ItemOnList.swift; sourceTree = "<group>"; };
		7BB1BA6425DFF356007FA08B /* ICreateListUseCase.swift */ = {isa = PBXFileReference; lastKnownFileType = sourcecode.swift; path = ICreateListUseCase.swift; sourceTree = "<group>"; };
		7BB1BAA525DFF6AB007FA08B /* IAddItemOnListUseCase.swift */ = {isa = PBXFileReference; lastKnownFileType = sourcecode.swift; path = IAddItemOnListUseCase.swift; sourceTree = "<group>"; };
		7BB1BAAA25DFF7E3007FA08B /* IRemoveItemfromListUseCase.swift */ = {isa = PBXFileReference; lastKnownFileType = sourcecode.swift; path = IRemoveItemfromListUseCase.swift; sourceTree = "<group>"; };
		7BB1BAB225DFF84A007FA08B /* IEditItemOnListUseCase.swift */ = {isa = PBXFileReference; lastKnownFileType = sourcecode.swift; path = IEditItemOnListUseCase.swift; sourceTree = "<group>"; };
		7BB1BABD25DFF929007FA08B /* IDeleteListUseCase.swift */ = {isa = PBXFileReference; lastKnownFileType = sourcecode.swift; path = IDeleteListUseCase.swift; sourceTree = "<group>"; };
		7BB1BAC225DFF9BD007FA08B /* IGetListUseCase.swift */ = {isa = PBXFileReference; lastKnownFileType = sourcecode.swift; path = IGetListUseCase.swift; sourceTree = "<group>"; };
		7BB1BAC725DFFA44007FA08B /* IGetItemUseCase.swift */ = {isa = PBXFileReference; lastKnownFileType = sourcecode.swift; path = IGetItemUseCase.swift; sourceTree = "<group>"; };
		7BB1BACF25E00070007FA08B /* ISaveListAsTemplateUseCase.swift */ = {isa = PBXFileReference; lastKnownFileType = sourcecode.swift; path = ISaveListAsTemplateUseCase.swift; sourceTree = "<group>"; };
		7BB1BAD925E00153007FA08B /* IAddItemOnCartUseCase.swift */ = {isa = PBXFileReference; lastKnownFileType = sourcecode.swift; path = IAddItemOnCartUseCase.swift; sourceTree = "<group>"; };
		7BB1BADE25E0019F007FA08B /* IRemoveItemFromCartUseCase.swift */ = {isa = PBXFileReference; lastKnownFileType = sourcecode.swift; path = IRemoveItemFromCartUseCase.swift; sourceTree = "<group>"; };
		7BB1BAE925E0024F007FA08B /* IEditItemOnCartUseCase.swift */ = {isa = PBXFileReference; lastKnownFileType = sourcecode.swift; path = IEditItemOnCartUseCase.swift; sourceTree = "<group>"; };
		7BB1BAEE25E0028C007FA08B /* ICheckoutUseCase.swift */ = {isa = PBXFileReference; lastKnownFileType = sourcecode.swift; path = ICheckoutUseCase.swift; sourceTree = "<group>"; };
		7BCD9D862630966C001E7354 /* ItemPrice.swift */ = {isa = PBXFileReference; lastKnownFileType = sourcecode.swift; path = ItemPrice.swift; sourceTree = "<group>"; };
		7BCD9D8B263096AC001E7354 /* Location.swift */ = {isa = PBXFileReference; lastKnownFileType = sourcecode.swift; path = Location.swift; sourceTree = "<group>"; };
		7BCD9D9126309931001E7354 /* IEditListNameUseCase.swift */ = {isa = PBXFileReference; lastKnownFileType = sourcecode.swift; path = IEditListNameUseCase.swift; sourceTree = "<group>"; };
		7BCD9D9A263099C3001E7354 /* IAddItemPriceUseCase.swift */ = {isa = PBXFileReference; lastKnownFileType = sourcecode.swift; path = IAddItemPriceUseCase.swift; sourceTree = "<group>"; };
		7BCD9DA526309CCB001E7354 /* Cart.swift */ = {isa = PBXFileReference; lastKnownFileType = sourcecode.swift; path = Cart.swift; sourceTree = "<group>"; };
		7BCD9DAF26309E69001E7354 /* GetItemUseCase.swift */ = {isa = PBXFileReference; lastKnownFileType = sourcecode.swift; path = GetItemUseCase.swift; sourceTree = "<group>"; };
		7BCD9DB52630AA97001E7354 /* AddItemPriceUseCase.swift */ = {isa = PBXFileReference; lastKnownFileType = sourcecode.swift; path = AddItemPriceUseCase.swift; sourceTree = "<group>"; };
		7BCD9DBD2630AC35001E7354 /* ICRUDRepository.swift */ = {isa = PBXFileReference; lastKnownFileType = sourcecode.swift; path = ICRUDRepository.swift; sourceTree = "<group>"; };
		7BCD9DCB2630B440001E7354 /* ICRUDTemplateUseCase.swift */ = {isa = PBXFileReference; lastKnownFileType = sourcecode.swift; path = ICRUDTemplateUseCase.swift; sourceTree = "<group>"; };
		7BE150B52630B90C0015693C /* Fetchable.swift */ = {isa = PBXFileReference; lastKnownFileType = sourcecode.swift; path = Fetchable.swift; sourceTree = "<group>"; };
/* End PBXFileReference section */

/* Begin PBXFrameworksBuildPhase section */
		7BB1BA0C25DFEECC007FA08B /* Frameworks */ = {
			isa = PBXFrameworksBuildPhase;
			buildActionMask = 2147483647;
			files = (
			);
			runOnlyForDeploymentPostprocessing = 0;
		};
		7BB1BA2525DFEECF007FA08B /* Frameworks */ = {
			isa = PBXFrameworksBuildPhase;
			buildActionMask = 2147483647;
			files = (
			);
			runOnlyForDeploymentPostprocessing = 0;
		};
		7BB1BA3025DFEECF007FA08B /* Frameworks */ = {
			isa = PBXFrameworksBuildPhase;
			buildActionMask = 2147483647;
			files = (
			);
			runOnlyForDeploymentPostprocessing = 0;
		};
/* End PBXFrameworksBuildPhase section */

/* Begin PBXGroup section */
		7BB1BA0625DFEECC007FA08B = {
			isa = PBXGroup;
			children = (
				7BB1BA1125DFEECC007FA08B /* ShoppingList */,
				7BB1BA2B25DFEECF007FA08B /* ShoppingListTests */,
				7BB1BA3625DFEECF007FA08B /* ShoppingListUITests */,
				7BB1BA1025DFEECC007FA08B /* Products */,
			);
			sourceTree = "<group>";
		};
		7BB1BA1025DFEECC007FA08B /* Products */ = {
			isa = PBXGroup;
			children = (
				7BB1BA0F25DFEECC007FA08B /* ShoppingList.app */,
				7BB1BA2825DFEECF007FA08B /* ShoppingListTests.xctest */,
				7BB1BA3325DFEECF007FA08B /* ShoppingListUITests.xctest */,
			);
			name = Products;
			sourceTree = "<group>";
		};
		7BB1BA1125DFEECC007FA08B /* ShoppingList */ = {
			isa = PBXGroup;
			children = (
				7BB1BA4825DFEEF7007FA08B /* Domain */,
				7BB1BA1225DFEECC007FA08B /* AppDelegate.swift */,
				7BB1BA1425DFEECC007FA08B /* SceneDelegate.swift */,
				7BB1BA1625DFEECC007FA08B /* ViewController.swift */,
				7BB1BA1825DFEECC007FA08B /* Main.storyboard */,
				7BB1BA1E25DFEECF007FA08B /* Assets.xcassets */,
				7BB1BA2025DFEECF007FA08B /* LaunchScreen.storyboard */,
				7BB1BA2325DFEECF007FA08B /* Info.plist */,
				7BB1BA1B25DFEECC007FA08B /* ShoppingList.xcdatamodeld */,
			);
			path = ShoppingList;
			sourceTree = "<group>";
		};
		7BB1BA2B25DFEECF007FA08B /* ShoppingListTests */ = {
			isa = PBXGroup;
			children = (
				7BB1BA2C25DFEECF007FA08B /* ShoppingListTests.swift */,
				7BB1BA2E25DFEECF007FA08B /* Info.plist */,
			);
			path = ShoppingListTests;
			sourceTree = "<group>";
		};
		7BB1BA3625DFEECF007FA08B /* ShoppingListUITests */ = {
			isa = PBXGroup;
			children = (
				7BB1BA3725DFEECF007FA08B /* ShoppingListUITests.swift */,
				7BB1BA3925DFEECF007FA08B /* Info.plist */,
			);
			path = ShoppingListUITests;
			sourceTree = "<group>";
		};
		7BB1BA4825DFEEF7007FA08B /* Domain */ = {
			isa = PBXGroup;
			children = (
				7BB1BA4B25DFEF19007FA08B /* Interfaces */,
				7BB1BA4A25DFEF0F007FA08B /* UseCases */,
				7BB1BA4925DFEEFF007FA08B /* Entities */,
			);
			path = Domain;
			sourceTree = "<group>";
		};
		7BB1BA4925DFEEFF007FA08B /* Entities */ = {
			isa = PBXGroup;
			children = (
				7BB1BA4C25DFEF2B007FA08B /* List.swift */,
				7BB1BA5125DFEF81007FA08B /* Item.swift */,
				7BB1BA5B25DFF08D007FA08B /* ItemOnList.swift */,
				7BCD9D862630966C001E7354 /* ItemPrice.swift */,
				7BCD9D8B263096AC001E7354 /* Location.swift */,
				7BCD9DA526309CCB001E7354 /* Cart.swift */,
				7BE150B52630B90C0015693C /* Fetchable.swift */,
			);
			path = Entities;
			sourceTree = "<group>";
		};
		7BB1BA4A25DFEF0F007FA08B /* UseCases */ = {
			isa = PBXGroup;
			children = (
				7BCD9DAE26309E57001E7354 /* Implementations */,
				7BB1BA6325DFF301007FA08B /* Interfaces */,
			);
			path = UseCases;
			sourceTree = "<group>";
		};
		7BB1BA4B25DFEF19007FA08B /* Interfaces */ = {
			isa = PBXGroup;
			children = (
			);
			path = Interfaces;
			sourceTree = "<group>";
		};
		7BB1BA6325DFF301007FA08B /* Interfaces */ = {
			isa = PBXGroup;
			children = (
				7BCD9DBD2630AC35001E7354 /* ICRUDRepository.swift */,
				7BCD9DCB2630B440001E7354 /* ICRUDTemplateUseCase.swift */,
				7BCD9D9926309969001E7354 /* Item */,
				7BCD9D902630991B001E7354 /* List */,
			);
			path = Interfaces;
			sourceTree = "<group>";
		};
		7BCD9D902630991B001E7354 /* List */ = {
			isa = PBXGroup;
			children = (
				7BB1BAE925E0024F007FA08B /* IEditItemOnCartUseCase.swift */,
				7BB1BAD925E00153007FA08B /* IAddItemOnCartUseCase.swift */,
				7BB1BADE25E0019F007FA08B /* IRemoveItemFromCartUseCase.swift */,
				7BB1BA6425DFF356007FA08B /* ICreateListUseCase.swift */,
				7BCD9D9126309931001E7354 /* IEditListNameUseCase.swift */,
				7BB1BAA525DFF6AB007FA08B /* IAddItemOnListUseCase.swift */,
				7BB1BAAA25DFF7E3007FA08B /* IRemoveItemfromListUseCase.swift */,
				7BB1BAB225DFF84A007FA08B /* IEditItemOnListUseCase.swift */,
				7BB1BABD25DFF929007FA08B /* IDeleteListUseCase.swift */,
				7BB1BAC225DFF9BD007FA08B /* IGetListUseCase.swift */,
				7BB1BAEE25E0028C007FA08B /* ICheckoutUseCase.swift */,
				7BB1BACF25E00070007FA08B /* ISaveListAsTemplateUseCase.swift */,
			);
			path = List;
			sourceTree = "<group>";
		};
		7BCD9D9926309969001E7354 /* Item */ = {
			isa = PBXGroup;
			children = (
				7BB1BAC725DFFA44007FA08B /* IGetItemUseCase.swift */,
				7BCD9D9A263099C3001E7354 /* IAddItemPriceUseCase.swift */,
			);
			path = Item;
			sourceTree = "<group>";
		};
		7BCD9DAE26309E57001E7354 /* Implementations */ = {
			isa = PBXGroup;
			children = (
				7BCD9DB42630AA40001E7354 /* Item */,
			);
			path = Implementations;
			sourceTree = "<group>";
		};
		7BCD9DB42630AA40001E7354 /* Item */ = {
			isa = PBXGroup;
			children = (
				7BCD9DAF26309E69001E7354 /* GetItemUseCase.swift */,
				7BCD9DB52630AA97001E7354 /* AddItemPriceUseCase.swift */,
			);
			path = Item;
			sourceTree = "<group>";
		};
/* End PBXGroup section */

/* Begin PBXNativeTarget section */
		7BB1BA0E25DFEECC007FA08B /* ShoppingList */ = {
			isa = PBXNativeTarget;
			buildConfigurationList = 7BB1BA3C25DFEECF007FA08B /* Build configuration list for PBXNativeTarget "ShoppingList" */;
			buildPhases = (
				7BB1BA0B25DFEECC007FA08B /* Sources */,
				7BB1BA0C25DFEECC007FA08B /* Frameworks */,
				7BB1BA0D25DFEECC007FA08B /* Resources */,
			);
			buildRules = (
			);
			dependencies = (
			);
			name = ShoppingList;
			productName = ShoppingList;
			productReference = 7BB1BA0F25DFEECC007FA08B /* ShoppingList.app */;
			productType = "com.apple.product-type.application";
		};
		7BB1BA2725DFEECF007FA08B /* ShoppingListTests */ = {
			isa = PBXNativeTarget;
			buildConfigurationList = 7BB1BA3F25DFEECF007FA08B /* Build configuration list for PBXNativeTarget "ShoppingListTests" */;
			buildPhases = (
				7BB1BA2425DFEECF007FA08B /* Sources */,
				7BB1BA2525DFEECF007FA08B /* Frameworks */,
				7BB1BA2625DFEECF007FA08B /* Resources */,
			);
			buildRules = (
			);
			dependencies = (
				7BB1BA2A25DFEECF007FA08B /* PBXTargetDependency */,
			);
			name = ShoppingListTests;
			productName = ShoppingListTests;
			productReference = 7BB1BA2825DFEECF007FA08B /* ShoppingListTests.xctest */;
			productType = "com.apple.product-type.bundle.unit-test";
		};
		7BB1BA3225DFEECF007FA08B /* ShoppingListUITests */ = {
			isa = PBXNativeTarget;
			buildConfigurationList = 7BB1BA4225DFEECF007FA08B /* Build configuration list for PBXNativeTarget "ShoppingListUITests" */;
			buildPhases = (
				7BB1BA2F25DFEECF007FA08B /* Sources */,
				7BB1BA3025DFEECF007FA08B /* Frameworks */,
				7BB1BA3125DFEECF007FA08B /* Resources */,
			);
			buildRules = (
			);
			dependencies = (
				7BB1BA3525DFEECF007FA08B /* PBXTargetDependency */,
			);
			name = ShoppingListUITests;
			productName = ShoppingListUITests;
			productReference = 7BB1BA3325DFEECF007FA08B /* ShoppingListUITests.xctest */;
			productType = "com.apple.product-type.bundle.ui-testing";
		};
/* End PBXNativeTarget section */

/* Begin PBXProject section */
		7BB1BA0725DFEECC007FA08B /* Project object */ = {
			isa = PBXProject;
			attributes = {
				LastSwiftUpdateCheck = 1230;
				LastUpgradeCheck = 1230;
				TargetAttributes = {
					7BB1BA0E25DFEECC007FA08B = {
						CreatedOnToolsVersion = 12.3;
					};
					7BB1BA2725DFEECF007FA08B = {
						CreatedOnToolsVersion = 12.3;
						TestTargetID = 7BB1BA0E25DFEECC007FA08B;
					};
					7BB1BA3225DFEECF007FA08B = {
						CreatedOnToolsVersion = 12.3;
						TestTargetID = 7BB1BA0E25DFEECC007FA08B;
					};
				};
			};
			buildConfigurationList = 7BB1BA0A25DFEECC007FA08B /* Build configuration list for PBXProject "ShoppingList" */;
			compatibilityVersion = "Xcode 9.3";
			developmentRegion = en;
			hasScannedForEncodings = 0;
			knownRegions = (
				en,
				Base,
			);
			mainGroup = 7BB1BA0625DFEECC007FA08B;
			productRefGroup = 7BB1BA1025DFEECC007FA08B /* Products */;
			projectDirPath = "";
			projectRoot = "";
			targets = (
				7BB1BA0E25DFEECC007FA08B /* ShoppingList */,
				7BB1BA2725DFEECF007FA08B /* ShoppingListTests */,
				7BB1BA3225DFEECF007FA08B /* ShoppingListUITests */,
			);
		};
/* End PBXProject section */

/* Begin PBXResourcesBuildPhase section */
		7BB1BA0D25DFEECC007FA08B /* Resources */ = {
			isa = PBXResourcesBuildPhase;
			buildActionMask = 2147483647;
			files = (
				7BB1BA2225DFEECF007FA08B /* LaunchScreen.storyboard in Resources */,
				7BB1BA1F25DFEECF007FA08B /* Assets.xcassets in Resources */,
				7BB1BA1A25DFEECC007FA08B /* Main.storyboard in Resources */,
			);
			runOnlyForDeploymentPostprocessing = 0;
		};
		7BB1BA2625DFEECF007FA08B /* Resources */ = {
			isa = PBXResourcesBuildPhase;
			buildActionMask = 2147483647;
			files = (
			);
			runOnlyForDeploymentPostprocessing = 0;
		};
		7BB1BA3125DFEECF007FA08B /* Resources */ = {
			isa = PBXResourcesBuildPhase;
			buildActionMask = 2147483647;
			files = (
			);
			runOnlyForDeploymentPostprocessing = 0;
		};
/* End PBXResourcesBuildPhase section */

/* Begin PBXSourcesBuildPhase section */
		7BB1BA0B25DFEECC007FA08B /* Sources */ = {
			isa = PBXSourcesBuildPhase;
			buildActionMask = 2147483647;
			files = (
				7BB1BA1725DFEECC007FA08B /* ViewController.swift in Sources */,
				7BB1BA1D25DFEECC007FA08B /* ShoppingList.xcdatamodeld in Sources */,
				7BB1BADA25E00153007FA08B /* IAddItemOnCartUseCase.swift in Sources */,
				7BB1BA1325DFEECC007FA08B /* AppDelegate.swift in Sources */,
				7BCD9DB62630AA97001E7354 /* AddItemPriceUseCase.swift in Sources */,
				7BCD9DCC2630B440001E7354 /* ICRUDTemplateUseCase.swift in Sources */,
				7BB1BAC825DFFA44007FA08B /* IGetItemUseCase.swift in Sources */,
				7BB1BA6525DFF356007FA08B /* ICreateListUseCase.swift in Sources */,
				7BB1BAAB25DFF7E3007FA08B /* IRemoveItemfromListUseCase.swift in Sources */,
				7BCD9DA626309CCB001E7354 /* Cart.swift in Sources */,
				7BCD9D872630966C001E7354 /* ItemPrice.swift in Sources */,
				7BB1BA5C25DFF08D007FA08B /* ItemOnList.swift in Sources */,
				7BB1BA4D25DFEF2B007FA08B /* List.swift in Sources */,
				7BB1BAB325DFF84A007FA08B /* IEditItemOnListUseCase.swift in Sources */,
				7BCD9D8C263096AC001E7354 /* Location.swift in Sources */,
				7BB1BAC325DFF9BD007FA08B /* IGetListUseCase.swift in Sources */,
				7BE150B62630B90C0015693C /* Fetchable.swift in Sources */,
				7BB1BA5225DFEF81007FA08B /* Item.swift in Sources */,
				7BB1BAEA25E0024F007FA08B /* IEditItemOnCartUseCase.swift in Sources */,
				7BB1BAA625DFF6AB007FA08B /* IAddItemOnListUseCase.swift in Sources */,
				7BCD9DB026309E69001E7354 /* GetItemUseCase.swift in Sources */,
				7BCD9DBE2630AC35001E7354 /* ICRUDRepository.swift in Sources */,
				7BB1BAEF25E0028C007FA08B /* ICheckoutUseCase.swift in Sources */,
				7BCD9D9B263099C3001E7354 /* IAddItemPriceUseCase.swift in Sources */,
				7BB1BAD025E00070007FA08B /* ISaveListAsTemplateUseCase.swift in Sources */,
				7BB1BABE25DFF929007FA08B /* IDeleteListUseCase.swift in Sources */,
				7BB1BADF25E0019F007FA08B /* IRemoveItemFromCartUseCase.swift in Sources */,
				7BB1BA1525DFEECC007FA08B /* SceneDelegate.swift in Sources */,
				7BCD9D9226309931001E7354 /* IEditListNameUseCase.swift in Sources */,
			);
			runOnlyForDeploymentPostprocessing = 0;
		};
		7BB1BA2425DFEECF007FA08B /* Sources */ = {
			isa = PBXSourcesBuildPhase;
			buildActionMask = 2147483647;
			files = (
				7BB1BA2D25DFEECF007FA08B /* ShoppingListTests.swift in Sources */,
			);
			runOnlyForDeploymentPostprocessing = 0;
		};
		7BB1BA2F25DFEECF007FA08B /* Sources */ = {
			isa = PBXSourcesBuildPhase;
			buildActionMask = 2147483647;
			files = (
				7BB1BA3825DFEECF007FA08B /* ShoppingListUITests.swift in Sources */,
			);
			runOnlyForDeploymentPostprocessing = 0;
		};
/* End PBXSourcesBuildPhase section */

/* Begin PBXTargetDependency section */
		7BB1BA2A25DFEECF007FA08B /* PBXTargetDependency */ = {
			isa = PBXTargetDependency;
			target = 7BB1BA0E25DFEECC007FA08B /* ShoppingList */;
			targetProxy = 7BB1BA2925DFEECF007FA08B /* PBXContainerItemProxy */;
		};
		7BB1BA3525DFEECF007FA08B /* PBXTargetDependency */ = {
			isa = PBXTargetDependency;
			target = 7BB1BA0E25DFEECC007FA08B /* ShoppingList */;
			targetProxy = 7BB1BA3425DFEECF007FA08B /* PBXContainerItemProxy */;
		};
/* End PBXTargetDependency section */

/* Begin PBXVariantGroup section */
		7BB1BA1825DFEECC007FA08B /* Main.storyboard */ = {
			isa = PBXVariantGroup;
			children = (
				7BB1BA1925DFEECC007FA08B /* Base */,
			);
			name = Main.storyboard;
			sourceTree = "<group>";
		};
		7BB1BA2025DFEECF007FA08B /* LaunchScreen.storyboard */ = {
			isa = PBXVariantGroup;
			children = (
				7BB1BA2125DFEECF007FA08B /* Base */,
			);
			name = LaunchScreen.storyboard;
			sourceTree = "<group>";
		};
/* End PBXVariantGroup section */

/* Begin XCBuildConfiguration section */
		7BB1BA3A25DFEECF007FA08B /* Debug */ = {
			isa = XCBuildConfiguration;
			buildSettings = {
				ALWAYS_SEARCH_USER_PATHS = NO;
				CLANG_ANALYZER_NONNULL = YES;
				CLANG_ANALYZER_NUMBER_OBJECT_CONVERSION = YES_AGGRESSIVE;
				CLANG_CXX_LANGUAGE_STANDARD = "gnu++14";
				CLANG_CXX_LIBRARY = "libc++";
				CLANG_ENABLE_MODULES = YES;
				CLANG_ENABLE_OBJC_ARC = YES;
				CLANG_ENABLE_OBJC_WEAK = YES;
				CLANG_WARN_BLOCK_CAPTURE_AUTORELEASING = YES;
				CLANG_WARN_BOOL_CONVERSION = YES;
				CLANG_WARN_COMMA = YES;
				CLANG_WARN_CONSTANT_CONVERSION = YES;
				CLANG_WARN_DEPRECATED_OBJC_IMPLEMENTATIONS = YES;
				CLANG_WARN_DIRECT_OBJC_ISA_USAGE = YES_ERROR;
				CLANG_WARN_DOCUMENTATION_COMMENTS = YES;
				CLANG_WARN_EMPTY_BODY = YES;
				CLANG_WARN_ENUM_CONVERSION = YES;
				CLANG_WARN_INFINITE_RECURSION = YES;
				CLANG_WARN_INT_CONVERSION = YES;
				CLANG_WARN_NON_LITERAL_NULL_CONVERSION = YES;
				CLANG_WARN_OBJC_IMPLICIT_RETAIN_SELF = YES;
				CLANG_WARN_OBJC_LITERAL_CONVERSION = YES;
				CLANG_WARN_OBJC_ROOT_CLASS = YES_ERROR;
				CLANG_WARN_QUOTED_INCLUDE_IN_FRAMEWORK_HEADER = YES;
				CLANG_WARN_RANGE_LOOP_ANALYSIS = YES;
				CLANG_WARN_STRICT_PROTOTYPES = YES;
				CLANG_WARN_SUSPICIOUS_MOVE = YES;
				CLANG_WARN_UNGUARDED_AVAILABILITY = YES_AGGRESSIVE;
				CLANG_WARN_UNREACHABLE_CODE = YES;
				CLANG_WARN__DUPLICATE_METHOD_MATCH = YES;
				COPY_PHASE_STRIP = NO;
				DEBUG_INFORMATION_FORMAT = dwarf;
				ENABLE_STRICT_OBJC_MSGSEND = YES;
				ENABLE_TESTABILITY = YES;
				GCC_C_LANGUAGE_STANDARD = gnu11;
				GCC_DYNAMIC_NO_PIC = NO;
				GCC_NO_COMMON_BLOCKS = YES;
				GCC_OPTIMIZATION_LEVEL = 0;
				GCC_PREPROCESSOR_DEFINITIONS = (
					"DEBUG=1",
					"$(inherited)",
				);
				GCC_WARN_64_TO_32_BIT_CONVERSION = YES;
				GCC_WARN_ABOUT_RETURN_TYPE = YES_ERROR;
				GCC_WARN_UNDECLARED_SELECTOR = YES;
				GCC_WARN_UNINITIALIZED_AUTOS = YES_AGGRESSIVE;
				GCC_WARN_UNUSED_FUNCTION = YES;
				GCC_WARN_UNUSED_VARIABLE = YES;
				IPHONEOS_DEPLOYMENT_TARGET = 14.3;
				MTL_ENABLE_DEBUG_INFO = INCLUDE_SOURCE;
				MTL_FAST_MATH = YES;
				ONLY_ACTIVE_ARCH = YES;
				SDKROOT = iphoneos;
				SWIFT_ACTIVE_COMPILATION_CONDITIONS = DEBUG;
				SWIFT_OPTIMIZATION_LEVEL = "-Onone";
			};
			name = Debug;
		};
		7BB1BA3B25DFEECF007FA08B /* Release */ = {
			isa = XCBuildConfiguration;
			buildSettings = {
				ALWAYS_SEARCH_USER_PATHS = NO;
				CLANG_ANALYZER_NONNULL = YES;
				CLANG_ANALYZER_NUMBER_OBJECT_CONVERSION = YES_AGGRESSIVE;
				CLANG_CXX_LANGUAGE_STANDARD = "gnu++14";
				CLANG_CXX_LIBRARY = "libc++";
				CLANG_ENABLE_MODULES = YES;
				CLANG_ENABLE_OBJC_ARC = YES;
				CLANG_ENABLE_OBJC_WEAK = YES;
				CLANG_WARN_BLOCK_CAPTURE_AUTORELEASING = YES;
				CLANG_WARN_BOOL_CONVERSION = YES;
				CLANG_WARN_COMMA = YES;
				CLANG_WARN_CONSTANT_CONVERSION = YES;
				CLANG_WARN_DEPRECATED_OBJC_IMPLEMENTATIONS = YES;
				CLANG_WARN_DIRECT_OBJC_ISA_USAGE = YES_ERROR;
				CLANG_WARN_DOCUMENTATION_COMMENTS = YES;
				CLANG_WARN_EMPTY_BODY = YES;
				CLANG_WARN_ENUM_CONVERSION = YES;
				CLANG_WARN_INFINITE_RECURSION = YES;
				CLANG_WARN_INT_CONVERSION = YES;
				CLANG_WARN_NON_LITERAL_NULL_CONVERSION = YES;
				CLANG_WARN_OBJC_IMPLICIT_RETAIN_SELF = YES;
				CLANG_WARN_OBJC_LITERAL_CONVERSION = YES;
				CLANG_WARN_OBJC_ROOT_CLASS = YES_ERROR;
				CLANG_WARN_QUOTED_INCLUDE_IN_FRAMEWORK_HEADER = YES;
				CLANG_WARN_RANGE_LOOP_ANALYSIS = YES;
				CLANG_WARN_STRICT_PROTOTYPES = YES;
				CLANG_WARN_SUSPICIOUS_MOVE = YES;
				CLANG_WARN_UNGUARDED_AVAILABILITY = YES_AGGRESSIVE;
				CLANG_WARN_UNREACHABLE_CODE = YES;
				CLANG_WARN__DUPLICATE_METHOD_MATCH = YES;
				COPY_PHASE_STRIP = NO;
				DEBUG_INFORMATION_FORMAT = "dwarf-with-dsym";
				ENABLE_NS_ASSERTIONS = NO;
				ENABLE_STRICT_OBJC_MSGSEND = YES;
				GCC_C_LANGUAGE_STANDARD = gnu11;
				GCC_NO_COMMON_BLOCKS = YES;
				GCC_WARN_64_TO_32_BIT_CONVERSION = YES;
				GCC_WARN_ABOUT_RETURN_TYPE = YES_ERROR;
				GCC_WARN_UNDECLARED_SELECTOR = YES;
				GCC_WARN_UNINITIALIZED_AUTOS = YES_AGGRESSIVE;
				GCC_WARN_UNUSED_FUNCTION = YES;
				GCC_WARN_UNUSED_VARIABLE = YES;
				IPHONEOS_DEPLOYMENT_TARGET = 14.3;
				MTL_ENABLE_DEBUG_INFO = NO;
				MTL_FAST_MATH = YES;
				SDKROOT = iphoneos;
				SWIFT_COMPILATION_MODE = wholemodule;
				SWIFT_OPTIMIZATION_LEVEL = "-O";
				VALIDATE_PRODUCT = YES;
			};
			name = Release;
		};
		7BB1BA3D25DFEECF007FA08B /* Debug */ = {
			isa = XCBuildConfiguration;
			buildSettings = {
				ASSETCATALOG_COMPILER_APPICON_NAME = AppIcon;
				ASSETCATALOG_COMPILER_GLOBAL_ACCENT_COLOR_NAME = AccentColor;
				CODE_SIGN_STYLE = Automatic;
				DEVELOPMENT_TEAM = VA7DWMQ39T;
				INFOPLIST_FILE = ShoppingList/Info.plist;
				LD_RUNPATH_SEARCH_PATHS = (
					"$(inherited)",
					"@executable_path/Frameworks",
				);
				PRODUCT_BUNDLE_IDENTIFIER = com.paulocardosob.ShoppingList;
				PRODUCT_NAME = "$(TARGET_NAME)";
				SWIFT_VERSION = 5.0;
				TARGETED_DEVICE_FAMILY = "1,2";
			};
			name = Debug;
		};
		7BB1BA3E25DFEECF007FA08B /* Release */ = {
			isa = XCBuildConfiguration;
			buildSettings = {
				ASSETCATALOG_COMPILER_APPICON_NAME = AppIcon;
				ASSETCATALOG_COMPILER_GLOBAL_ACCENT_COLOR_NAME = AccentColor;
				CODE_SIGN_STYLE = Automatic;
				DEVELOPMENT_TEAM = VA7DWMQ39T;
				INFOPLIST_FILE = ShoppingList/Info.plist;
				LD_RUNPATH_SEARCH_PATHS = (
					"$(inherited)",
					"@executable_path/Frameworks",
				);
				PRODUCT_BUNDLE_IDENTIFIER = com.paulocardosob.ShoppingList;
				PRODUCT_NAME = "$(TARGET_NAME)";
				SWIFT_VERSION = 5.0;
				TARGETED_DEVICE_FAMILY = "1,2";
			};
			name = Release;
		};
		7BB1BA4025DFEECF007FA08B /* Debug */ = {
			isa = XCBuildConfiguration;
			buildSettings = {
				ALWAYS_EMBED_SWIFT_STANDARD_LIBRARIES = YES;
				BUNDLE_LOADER = "$(TEST_HOST)";
				CODE_SIGN_STYLE = Automatic;
				DEVELOPMENT_TEAM = VA7DWMQ39T;
				INFOPLIST_FILE = ShoppingListTests/Info.plist;
				IPHONEOS_DEPLOYMENT_TARGET = 14.3;
				LD_RUNPATH_SEARCH_PATHS = (
					"$(inherited)",
					"@executable_path/Frameworks",
					"@loader_path/Frameworks",
				);
				PRODUCT_BUNDLE_IDENTIFIER = com.paulocardosob.ShoppingListTests;
				PRODUCT_NAME = "$(TARGET_NAME)";
				SWIFT_VERSION = 5.0;
				TARGETED_DEVICE_FAMILY = "1,2";
				TEST_HOST = "$(BUILT_PRODUCTS_DIR)/ShoppingList.app/ShoppingList";
			};
			name = Debug;
		};
		7BB1BA4125DFEECF007FA08B /* Release */ = {
			isa = XCBuildConfiguration;
			buildSettings = {
				ALWAYS_EMBED_SWIFT_STANDARD_LIBRARIES = YES;
				BUNDLE_LOADER = "$(TEST_HOST)";
				CODE_SIGN_STYLE = Automatic;
				DEVELOPMENT_TEAM = VA7DWMQ39T;
				INFOPLIST_FILE = ShoppingListTests/Info.plist;
				IPHONEOS_DEPLOYMENT_TARGET = 14.3;
				LD_RUNPATH_SEARCH_PATHS = (
					"$(inherited)",
					"@executable_path/Frameworks",
					"@loader_path/Frameworks",
				);
				PRODUCT_BUNDLE_IDENTIFIER = com.paulocardosob.ShoppingListTests;
				PRODUCT_NAME = "$(TARGET_NAME)";
				SWIFT_VERSION = 5.0;
				TARGETED_DEVICE_FAMILY = "1,2";
				TEST_HOST = "$(BUILT_PRODUCTS_DIR)/ShoppingList.app/ShoppingList";
			};
			name = Release;
		};
		7BB1BA4325DFEECF007FA08B /* Debug */ = {
			isa = XCBuildConfiguration;
			buildSettings = {
				ALWAYS_EMBED_SWIFT_STANDARD_LIBRARIES = YES;
				CODE_SIGN_STYLE = Automatic;
				DEVELOPMENT_TEAM = VA7DWMQ39T;
				INFOPLIST_FILE = ShoppingListUITests/Info.plist;
				LD_RUNPATH_SEARCH_PATHS = (
					"$(inherited)",
					"@executable_path/Frameworks",
					"@loader_path/Frameworks",
				);
				PRODUCT_BUNDLE_IDENTIFIER = com.paulocardosob.ShoppingListUITests;
				PRODUCT_NAME = "$(TARGET_NAME)";
				SWIFT_VERSION = 5.0;
				TARGETED_DEVICE_FAMILY = "1,2";
				TEST_TARGET_NAME = ShoppingList;
			};
			name = Debug;
		};
		7BB1BA4425DFEECF007FA08B /* Release */ = {
			isa = XCBuildConfiguration;
			buildSettings = {
				ALWAYS_EMBED_SWIFT_STANDARD_LIBRARIES = YES;
				CODE_SIGN_STYLE = Automatic;
				DEVELOPMENT_TEAM = VA7DWMQ39T;
				INFOPLIST_FILE = ShoppingListUITests/Info.plist;
				LD_RUNPATH_SEARCH_PATHS = (
					"$(inherited)",
					"@executable_path/Frameworks",
					"@loader_path/Frameworks",
				);
				PRODUCT_BUNDLE_IDENTIFIER = com.paulocardosob.ShoppingListUITests;
				PRODUCT_NAME = "$(TARGET_NAME)";
				SWIFT_VERSION = 5.0;
				TARGETED_DEVICE_FAMILY = "1,2";
				TEST_TARGET_NAME = ShoppingList;
			};
			name = Release;
		};
/* End XCBuildConfiguration section */

/* Begin XCConfigurationList section */
		7BB1BA0A25DFEECC007FA08B /* Build configuration list for PBXProject "ShoppingList" */ = {
			isa = XCConfigurationList;
			buildConfigurations = (
				7BB1BA3A25DFEECF007FA08B /* Debug */,
				7BB1BA3B25DFEECF007FA08B /* Release */,
			);
			defaultConfigurationIsVisible = 0;
			defaultConfigurationName = Release;
		};
		7BB1BA3C25DFEECF007FA08B /* Build configuration list for PBXNativeTarget "ShoppingList" */ = {
			isa = XCConfigurationList;
			buildConfigurations = (
				7BB1BA3D25DFEECF007FA08B /* Debug */,
				7BB1BA3E25DFEECF007FA08B /* Release */,
			);
			defaultConfigurationIsVisible = 0;
			defaultConfigurationName = Release;
		};
		7BB1BA3F25DFEECF007FA08B /* Build configuration list for PBXNativeTarget "ShoppingListTests" */ = {
			isa = XCConfigurationList;
			buildConfigurations = (
				7BB1BA4025DFEECF007FA08B /* Debug */,
				7BB1BA4125DFEECF007FA08B /* Release */,
			);
			defaultConfigurationIsVisible = 0;
			defaultConfigurationName = Release;
		};
		7BB1BA4225DFEECF007FA08B /* Build configuration list for PBXNativeTarget "ShoppingListUITests" */ = {
			isa = XCConfigurationList;
			buildConfigurations = (
				7BB1BA4325DFEECF007FA08B /* Debug */,
				7BB1BA4425DFEECF007FA08B /* Release */,
			);
			defaultConfigurationIsVisible = 0;
			defaultConfigurationName = Release;
		};
/* End XCConfigurationList section */

/* Begin XCVersionGroup section */
		7BB1BA1B25DFEECC007FA08B /* ShoppingList.xcdatamodeld */ = {
			isa = XCVersionGroup;
			children = (
				7BB1BA1C25DFEECC007FA08B /* ShoppingList.xcdatamodel */,
			);
			currentVersion = 7BB1BA1C25DFEECC007FA08B /* ShoppingList.xcdatamodel */;
			path = ShoppingList.xcdatamodeld;
			sourceTree = "<group>";
			versionGroupType = wrapper.xcdatamodel;
		};
/* End XCVersionGroup section */
	};
	rootObject = 7BB1BA0725DFEECC007FA08B /* Project object */;
}
